// !$*UTF8*$!
{
	archiveVersion = 1;
	classes = {
	};
	objectVersion = 56;
	objects = {

/* Begin PBXBuildFile section */
		044138352501A02300732969 /* StreamerApp.swift in Sources */ = {isa = PBXBuildFile; fileRef = 044138342501A02300732969 /* StreamerApp.swift */; };
		0441383E2501A02500732969 /* Assets.xcassets in Resources */ = {isa = PBXBuildFile; fileRef = 0441383D2501A02500732969 /* Assets.xcassets */; };
		0441384C2501A02500732969 /* appTests.swift in Sources */ = {isa = PBXBuildFile; fileRef = 0441384B2501A02500732969 /* appTests.swift */; };
		044138572501A02500732969 /* appUITests.swift in Sources */ = {isa = PBXBuildFile; fileRef = 044138562501A02500732969 /* appUITests.swift */; };
		659B73BF320E14A5662BBE0E /* .gitignore in Resources */ = {isa = PBXBuildFile; fileRef = 659B7C7C942D059E7C4F1424 /* .gitignore */; };
		EBA400102ABA6A1600249638 /* MainSwiftUIView.swift in Sources */ = {isa = PBXBuildFile; fileRef = EBA4000F2ABA6A1600249638 /* MainSwiftUIView.swift */; };
		EBA400122ABA7AED00249638 /* ToastView.swift in Sources */ = {isa = PBXBuildFile; fileRef = EBA400112ABA7AED00249638 /* ToastView.swift */; };
		EBA4FFD32ABA5C1300249638 /* RtmpSwiftUIView.swift in Sources */ = {isa = PBXBuildFile; fileRef = EBA4FFD22ABA5C1300249638 /* RtmpSwiftUIView.swift */; };
		EBA4FFD52ABA62E500249638 /* CameraUIView.swift in Sources */ = {isa = PBXBuildFile; fileRef = EBA4FFD42ABA62E500249638 /* CameraUIView.swift */; };
		EBA4FFD72ABA652100249638 /* RtspSwiftUIView.swift in Sources */ = {isa = PBXBuildFile; fileRef = EBA4FFD62ABA652100249638 /* RtspSwiftUIView.swift */; };
		EBC318B62B9E79BF003C7526 /* Utils.swift in Sources */ = {isa = PBXBuildFile; fileRef = EBC318B52B9E79BF003C7526 /* Utils.swift */; };
		EBC8FD302C09214600345CFC /* ScreenSwiftUIView.swift in Sources */ = {isa = PBXBuildFile; fileRef = EBC8FD2F2C09214600345CFC /* ScreenSwiftUIView.swift */; };
		EBDA58A72BEE915E002F85A2 /* RootEncoder in Frameworks */ = {isa = PBXBuildFile; productRef = EBDA58A62BEE915E002F85A2 /* RootEncoder */; };
		EBE05D492C6034A100C57A4D /* FilterUIView.swift in Sources */ = {isa = PBXBuildFile; fileRef = EBE05D482C6034A100C57A4D /* FilterUIView.swift */; };
/* End PBXBuildFile section */

/* Begin PBXContainerItemProxy section */
		044138482501A02500732969 /* PBXContainerItemProxy */ = {
			isa = PBXContainerItemProxy;
			containerPortal = 044138292501A02300732969 /* Project object */;
			proxyType = 1;
			remoteGlobalIDString = 044138302501A02300732969;
			remoteInfo = app;
		};
		044138532501A02500732969 /* PBXContainerItemProxy */ = {
			isa = PBXContainerItemProxy;
			containerPortal = 044138292501A02300732969 /* Project object */;
			proxyType = 1;
			remoteGlobalIDString = 044138302501A02300732969;
			remoteInfo = app;
		};
/* End PBXContainerItemProxy section */

/* Begin PBXCopyFilesBuildPhase section */
		EB9B4D7B2AC4992000F427C5 /* Embed Frameworks */ = {
			isa = PBXCopyFilesBuildPhase;
			buildActionMask = 2147483647;
			dstPath = "";
			dstSubfolderSpec = 10;
			files = (
			);
			name = "Embed Frameworks";
			runOnlyForDeploymentPostprocessing = 0;
		};
/* End PBXCopyFilesBuildPhase section */

/* Begin PBXFileReference section */
		044138312501A02300732969 /* app.app */ = {isa = PBXFileReference; explicitFileType = wrapper.application; includeInIndex = 0; path = app.app; sourceTree = BUILT_PRODUCTS_DIR; };
		044138342501A02300732969 /* StreamerApp.swift */ = {isa = PBXFileReference; lastKnownFileType = sourcecode.swift; path = StreamerApp.swift; sourceTree = "<group>"; };
		0441383D2501A02500732969 /* Assets.xcassets */ = {isa = PBXFileReference; lastKnownFileType = folder.assetcatalog; path = Assets.xcassets; sourceTree = "<group>"; };
		044138472501A02500732969 /* appTests.xctest */ = {isa = PBXFileReference; explicitFileType = wrapper.cfbundle; includeInIndex = 0; path = appTests.xctest; sourceTree = BUILT_PRODUCTS_DIR; };
		0441384B2501A02500732969 /* appTests.swift */ = {isa = PBXFileReference; lastKnownFileType = sourcecode.swift; path = appTests.swift; sourceTree = "<group>"; };
		0441384D2501A02500732969 /* Info.plist */ = {isa = PBXFileReference; lastKnownFileType = text.plist.xml; path = Info.plist; sourceTree = "<group>"; };
		044138522501A02500732969 /* appUITests.xctest */ = {isa = PBXFileReference; explicitFileType = wrapper.cfbundle; includeInIndex = 0; path = appUITests.xctest; sourceTree = BUILT_PRODUCTS_DIR; };
		044138562501A02500732969 /* appUITests.swift */ = {isa = PBXFileReference; lastKnownFileType = sourcecode.swift; path = appUITests.swift; sourceTree = "<group>"; };
		044138582501A02500732969 /* Info.plist */ = {isa = PBXFileReference; lastKnownFileType = text.plist.xml; path = Info.plist; sourceTree = "<group>"; };
		659B7C7C942D059E7C4F1424 /* .gitignore */ = {isa = PBXFileReference; lastKnownFileType = file.gitignore; path = .gitignore; sourceTree = "<group>"; };
		EB07EC4B2B0D51FD0001309D /* Info.plist */ = {isa = PBXFileReference; lastKnownFileType = text.plist; path = Info.plist; sourceTree = "<group>"; };
		EB733D882C2FE3B1002318DA /* PrivacyInfo.xcprivacy */ = {isa = PBXFileReference; lastKnownFileType = text.xml; path = PrivacyInfo.xcprivacy; sourceTree = "<group>"; };
		EB94C7272BDC2286002CCC0B /* RootEncoder */ = {isa = PBXFileReference; lastKnownFileType = wrapper; path = RootEncoder; sourceTree = "<group>"; };
		EBA4000F2ABA6A1600249638 /* MainSwiftUIView.swift */ = {isa = PBXFileReference; lastKnownFileType = sourcecode.swift; path = MainSwiftUIView.swift; sourceTree = "<group>"; };
		EBA400112ABA7AED00249638 /* ToastView.swift */ = {isa = PBXFileReference; lastKnownFileType = sourcecode.swift; path = ToastView.swift; sourceTree = "<group>"; };
		EBA4FFD22ABA5C1300249638 /* RtmpSwiftUIView.swift */ = {isa = PBXFileReference; lastKnownFileType = sourcecode.swift; path = RtmpSwiftUIView.swift; sourceTree = "<group>"; };
		EBA4FFD42ABA62E500249638 /* CameraUIView.swift */ = {isa = PBXFileReference; lastKnownFileType = sourcecode.swift; path = CameraUIView.swift; sourceTree = "<group>"; };
		EBA4FFD62ABA652100249638 /* RtspSwiftUIView.swift */ = {isa = PBXFileReference; lastKnownFileType = sourcecode.swift; path = RtspSwiftUIView.swift; sourceTree = "<group>"; };
		EBC318B52B9E79BF003C7526 /* Utils.swift */ = {isa = PBXFileReference; lastKnownFileType = sourcecode.swift; path = Utils.swift; sourceTree = "<group>"; };
		EBC8FD2F2C09214600345CFC /* ScreenSwiftUIView.swift */ = {isa = PBXFileReference; lastKnownFileType = sourcecode.swift; path = ScreenSwiftUIView.swift; sourceTree = "<group>"; };
		EBE05D482C6034A100C57A4D /* FilterUIView.swift */ = {isa = PBXFileReference; lastKnownFileType = sourcecode.swift; path = FilterUIView.swift; sourceTree = "<group>"; };
/* End PBXFileReference section */

/* Begin PBXFrameworksBuildPhase section */
		0441382E2501A02300732969 /* Frameworks */ = {
			isa = PBXFrameworksBuildPhase;
			buildActionMask = 2147483647;
			files = (
				EBDA58A72BEE915E002F85A2 /* RootEncoder in Frameworks */,
			);
			runOnlyForDeploymentPostprocessing = 0;
		};
		044138442501A02500732969 /* Frameworks */ = {
			isa = PBXFrameworksBuildPhase;
			buildActionMask = 2147483647;
			files = (
			);
			runOnlyForDeploymentPostprocessing = 0;
		};
		0441384F2501A02500732969 /* Frameworks */ = {
			isa = PBXFrameworksBuildPhase;
			buildActionMask = 2147483647;
			files = (
			);
			runOnlyForDeploymentPostprocessing = 0;
		};
/* End PBXFrameworksBuildPhase section */

/* Begin PBXGroup section */
		044138282501A02300732969 = {
			isa = PBXGroup;
			children = (
				EB733D882C2FE3B1002318DA /* PrivacyInfo.xcprivacy */,
				EB94C7272BDC2286002CCC0B /* RootEncoder */,
				044138332501A02300732969 /* app */,
				0441384A2501A02500732969 /* appTests */,
				044138552501A02500732969 /* appUITests */,
				044138322501A02300732969 /* Products */,
				659B7C7C942D059E7C4F1424 /* .gitignore */,
				EBB16EF12AC384B100B48654 /* Frameworks */,
			);
			sourceTree = "<group>";
		};
		044138322501A02300732969 /* Products */ = {
			isa = PBXGroup;
			children = (
				044138312501A02300732969 /* app.app */,
				044138472501A02500732969 /* appTests.xctest */,
				044138522501A02500732969 /* appUITests.xctest */,
			);
			name = Products;
			sourceTree = "<group>";
		};
		044138332501A02300732969 /* app */ = {
			isa = PBXGroup;
			children = (
				EBC318AC2B9E79AE003C7526 /* utils */,
				EB07EC4B2B0D51FD0001309D /* Info.plist */,
				EBA400152ABBAF3400249638 /* components */,
				044138342501A02300732969 /* StreamerApp.swift */,
				0441383D2501A02500732969 /* Assets.xcassets */,
				EBA4FFD22ABA5C1300249638 /* RtmpSwiftUIView.swift */,
				EBA4FFD62ABA652100249638 /* RtspSwiftUIView.swift */,
				EBA4000F2ABA6A1600249638 /* MainSwiftUIView.swift */,
				EBC8FD2F2C09214600345CFC /* ScreenSwiftUIView.swift */,
			);
			path = app;
			sourceTree = "<group>";
		};
		0441384A2501A02500732969 /* appTests */ = {
			isa = PBXGroup;
			children = (
				0441384B2501A02500732969 /* appTests.swift */,
				0441384D2501A02500732969 /* Info.plist */,
			);
			path = appTests;
			sourceTree = "<group>";
		};
		044138552501A02500732969 /* appUITests */ = {
			isa = PBXGroup;
			children = (
				044138562501A02500732969 /* appUITests.swift */,
				044138582501A02500732969 /* Info.plist */,
			);
			path = appUITests;
			sourceTree = "<group>";
		};
		EBA400152ABBAF3400249638 /* components */ = {
			isa = PBXGroup;
			children = (
				EBA400112ABA7AED00249638 /* ToastView.swift */,
				EBA4FFD42ABA62E500249638 /* CameraUIView.swift */,
				EBE05D482C6034A100C57A4D /* FilterUIView.swift */,
			);
			path = components;
			sourceTree = "<group>";
		};
		EBB16EF12AC384B100B48654 /* Frameworks */ = {
			isa = PBXGroup;
			children = (
			);
			name = Frameworks;
			sourceTree = "<group>";
		};
		EBC318AC2B9E79AE003C7526 /* utils */ = {
			isa = PBXGroup;
			children = (
				EBC318B52B9E79BF003C7526 /* Utils.swift */,
			);
			path = utils;
			sourceTree = "<group>";
		};
/* End PBXGroup section */

/* Begin PBXNativeTarget section */
		044138302501A02300732969 /* app */ = {
			isa = PBXNativeTarget;
			buildConfigurationList = 0441385B2501A02500732969 /* Build configuration list for PBXNativeTarget "app" */;
			buildPhases = (
				0441382D2501A02300732969 /* Sources */,
				0441382E2501A02300732969 /* Frameworks */,
				0441382F2501A02300732969 /* Resources */,
				EB9B4D7B2AC4992000F427C5 /* Embed Frameworks */,
			);
			buildRules = (
			);
			dependencies = (
			);
			name = app;
			packageProductDependencies = (
				EBDA58A62BEE915E002F85A2 /* RootEncoder */,
			);
			productName = app;
			productReference = 044138312501A02300732969 /* app.app */;
			productType = "com.apple.product-type.application";
		};
		044138462501A02500732969 /* appTests */ = {
			isa = PBXNativeTarget;
			buildConfigurationList = 0441385E2501A02500732969 /* Build configuration list for PBXNativeTarget "appTests" */;
			buildPhases = (
				044138432501A02500732969 /* Sources */,
				044138442501A02500732969 /* Frameworks */,
				044138452501A02500732969 /* Resources */,
			);
			buildRules = (
			);
			dependencies = (
				044138492501A02500732969 /* PBXTargetDependency */,
			);
			name = appTests;
			productName = appTests;
			productReference = 044138472501A02500732969 /* appTests.xctest */;
			productType = "com.apple.product-type.bundle.unit-test";
		};
		044138512501A02500732969 /* appUITests */ = {
			isa = PBXNativeTarget;
			buildConfigurationList = 044138612501A02500732969 /* Build configuration list for PBXNativeTarget "appUITests" */;
			buildPhases = (
				0441384E2501A02500732969 /* Sources */,
				0441384F2501A02500732969 /* Frameworks */,
				044138502501A02500732969 /* Resources */,
			);
			buildRules = (
			);
			dependencies = (
				044138542501A02500732969 /* PBXTargetDependency */,
			);
			name = appUITests;
			productName = appUITests;
			productReference = 044138522501A02500732969 /* appUITests.xctest */;
			productType = "com.apple.product-type.bundle.ui-testing";
		};
/* End PBXNativeTarget section */

/* Begin PBXProject section */
		044138292501A02300732969 /* Project object */ = {
			isa = PBXProject;
			attributes = {
				BuildIndependentTargetsInParallel = YES;
				LastSwiftUpdateCheck = 1160;
				LastUpgradeCheck = 1530;
				ORGANIZATIONNAME = pedroSG94;
				TargetAttributes = {
					044138302501A02300732969 = {
						CreatedOnToolsVersion = 11.6;
					};
					044138462501A02500732969 = {
						CreatedOnToolsVersion = 11.6;
						TestTargetID = 044138302501A02300732969;
					};
					044138512501A02500732969 = {
						CreatedOnToolsVersion = 11.6;
						TestTargetID = 044138302501A02300732969;
					};
				};
			};
			buildConfigurationList = 0441382C2501A02300732969 /* Build configuration list for PBXProject "app" */;
			compatibilityVersion = "Xcode 14.0";
			developmentRegion = en;
			hasScannedForEncodings = 0;
			knownRegions = (
				en,
				Base,
			);
			mainGroup = 044138282501A02300732969;
			productRefGroup = 044138322501A02300732969 /* Products */;
			projectDirPath = "";
			projectRoot = "";
			targets = (
				044138302501A02300732969 /* app */,
				044138462501A02500732969 /* appTests */,
				044138512501A02500732969 /* appUITests */,
			);
		};
/* End PBXProject section */

/* Begin PBXResourcesBuildPhase section */
		0441382F2501A02300732969 /* Resources */ = {
			isa = PBXResourcesBuildPhase;
			buildActionMask = 2147483647;
			files = (
				0441383E2501A02500732969 /* Assets.xcassets in Resources */,
				659B73BF320E14A5662BBE0E /* .gitignore in Resources */,
			);
			runOnlyForDeploymentPostprocessing = 0;
		};
		044138452501A02500732969 /* Resources */ = {
			isa = PBXResourcesBuildPhase;
			buildActionMask = 2147483647;
			files = (
			);
			runOnlyForDeploymentPostprocessing = 0;
		};
		044138502501A02500732969 /* Resources */ = {
			isa = PBXResourcesBuildPhase;
			buildActionMask = 2147483647;
			files = (
			);
			runOnlyForDeploymentPostprocessing = 0;
		};
/* End PBXResourcesBuildPhase section */

/* Begin PBXSourcesBuildPhase section */
		0441382D2501A02300732969 /* Sources */ = {
			isa = PBXSourcesBuildPhase;
			buildActionMask = 2147483647;
			files = (
				EBC8FD302C09214600345CFC /* ScreenSwiftUIView.swift in Sources */,
				044138352501A02300732969 /* StreamerApp.swift in Sources */,
				EBA400102ABA6A1600249638 /* MainSwiftUIView.swift in Sources */,
				EBA400122ABA7AED00249638 /* ToastView.swift in Sources */,
				EBC318B62B9E79BF003C7526 /* Utils.swift in Sources */,
				EBA4FFD32ABA5C1300249638 /* RtmpSwiftUIView.swift in Sources */,
				EBE05D492C6034A100C57A4D /* FilterUIView.swift in Sources */,
				EBA4FFD72ABA652100249638 /* RtspSwiftUIView.swift in Sources */,
				EBA4FFD52ABA62E500249638 /* CameraUIView.swift in Sources */,
			);
			runOnlyForDeploymentPostprocessing = 0;
		};
		044138432501A02500732969 /* Sources */ = {
			isa = PBXSourcesBuildPhase;
			buildActionMask = 2147483647;
			files = (
				0441384C2501A02500732969 /* appTests.swift in Sources */,
			);
			runOnlyForDeploymentPostprocessing = 0;
		};
		0441384E2501A02500732969 /* Sources */ = {
			isa = PBXSourcesBuildPhase;
			buildActionMask = 2147483647;
			files = (
				044138572501A02500732969 /* appUITests.swift in Sources */,
			);
			runOnlyForDeploymentPostprocessing = 0;
		};
/* End PBXSourcesBuildPhase section */

/* Begin PBXTargetDependency section */
		044138492501A02500732969 /* PBXTargetDependency */ = {
			isa = PBXTargetDependency;
			target = 044138302501A02300732969 /* app */;
			targetProxy = 044138482501A02500732969 /* PBXContainerItemProxy */;
		};
		044138542501A02500732969 /* PBXTargetDependency */ = {
			isa = PBXTargetDependency;
			target = 044138302501A02300732969 /* app */;
			targetProxy = 044138532501A02500732969 /* PBXContainerItemProxy */;
		};
/* End PBXTargetDependency section */

/* Begin XCBuildConfiguration section */
		044138592501A02500732969 /* Debug */ = {
			isa = XCBuildConfiguration;
			buildSettings = {
				ALWAYS_SEARCH_USER_PATHS = NO;
				CLANG_ANALYZER_NONNULL = YES;
				CLANG_ANALYZER_NUMBER_OBJECT_CONVERSION = YES_AGGRESSIVE;
				CLANG_CXX_LANGUAGE_STANDARD = "gnu++14";
				CLANG_CXX_LIBRARY = "libc++";
				CLANG_ENABLE_MODULES = YES;
				CLANG_ENABLE_OBJC_ARC = YES;
				CLANG_ENABLE_OBJC_WEAK = YES;
				CLANG_WARN_BLOCK_CAPTURE_AUTORELEASING = YES;
				CLANG_WARN_BOOL_CONVERSION = YES;
				CLANG_WARN_COMMA = YES;
				CLANG_WARN_CONSTANT_CONVERSION = YES;
				CLANG_WARN_DEPRECATED_OBJC_IMPLEMENTATIONS = YES;
				CLANG_WARN_DIRECT_OBJC_ISA_USAGE = YES_ERROR;
				CLANG_WARN_DOCUMENTATION_COMMENTS = YES;
				CLANG_WARN_EMPTY_BODY = YES;
				CLANG_WARN_ENUM_CONVERSION = YES;
				CLANG_WARN_INFINITE_RECURSION = YES;
				CLANG_WARN_INT_CONVERSION = YES;
				CLANG_WARN_NON_LITERAL_NULL_CONVERSION = YES;
				CLANG_WARN_OBJC_IMPLICIT_RETAIN_SELF = YES;
				CLANG_WARN_OBJC_LITERAL_CONVERSION = YES;
				CLANG_WARN_OBJC_ROOT_CLASS = YES_ERROR;
				CLANG_WARN_QUOTED_INCLUDE_IN_FRAMEWORK_HEADER = YES;
				CLANG_WARN_RANGE_LOOP_ANALYSIS = YES;
				CLANG_WARN_STRICT_PROTOTYPES = YES;
				CLANG_WARN_SUSPICIOUS_MOVE = YES;
				CLANG_WARN_UNGUARDED_AVAILABILITY = YES_AGGRESSIVE;
				CLANG_WARN_UNREACHABLE_CODE = YES;
				CLANG_WARN__DUPLICATE_METHOD_MATCH = YES;
				COPY_PHASE_STRIP = NO;
				DEBUG_INFORMATION_FORMAT = dwarf;
				ENABLE_STRICT_OBJC_MSGSEND = YES;
				ENABLE_TESTABILITY = YES;
				ENABLE_USER_SCRIPT_SANDBOXING = YES;
				GCC_C_LANGUAGE_STANDARD = gnu11;
				GCC_DYNAMIC_NO_PIC = NO;
				GCC_NO_COMMON_BLOCKS = YES;
				GCC_OPTIMIZATION_LEVEL = 0;
				GCC_PREPROCESSOR_DEFINITIONS = (
					"DEBUG=1",
					"$(inherited)",
				);
				GCC_WARN_64_TO_32_BIT_CONVERSION = YES;
				GCC_WARN_ABOUT_RETURN_TYPE = YES_ERROR;
				GCC_WARN_UNDECLARED_SELECTOR = YES;
				GCC_WARN_UNINITIALIZED_AUTOS = YES_AGGRESSIVE;
				GCC_WARN_UNUSED_FUNCTION = YES;
				GCC_WARN_UNUSED_VARIABLE = YES;
				IPHONEOS_DEPLOYMENT_TARGET = 14.0;
				MTL_ENABLE_DEBUG_INFO = INCLUDE_SOURCE;
				MTL_FAST_MATH = YES;
				ONLY_ACTIVE_ARCH = YES;
				SDKROOT = iphoneos;
				SWIFT_ACTIVE_COMPILATION_CONDITIONS = DEBUG;
				SWIFT_OPTIMIZATION_LEVEL = "-Onone";
				SWIFT_VERSION = 5.0;
			};
			name = Debug;
		};
		0441385A2501A02500732969 /* Release */ = {
			isa = XCBuildConfiguration;
			buildSettings = {
				ALWAYS_SEARCH_USER_PATHS = NO;
				CLANG_ANALYZER_NONNULL = YES;
				CLANG_ANALYZER_NUMBER_OBJECT_CONVERSION = YES_AGGRESSIVE;
				CLANG_CXX_LANGUAGE_STANDARD = "gnu++14";
				CLANG_CXX_LIBRARY = "libc++";
				CLANG_ENABLE_MODULES = YES;
				CLANG_ENABLE_OBJC_ARC = YES;
				CLANG_ENABLE_OBJC_WEAK = YES;
				CLANG_WARN_BLOCK_CAPTURE_AUTORELEASING = YES;
				CLANG_WARN_BOOL_CONVERSION = YES;
				CLANG_WARN_COMMA = YES;
				CLANG_WARN_CONSTANT_CONVERSION = YES;
				CLANG_WARN_DEPRECATED_OBJC_IMPLEMENTATIONS = YES;
				CLANG_WARN_DIRECT_OBJC_ISA_USAGE = YES_ERROR;
				CLANG_WARN_DOCUMENTATION_COMMENTS = YES;
				CLANG_WARN_EMPTY_BODY = YES;
				CLANG_WARN_ENUM_CONVERSION = YES;
				CLANG_WARN_INFINITE_RECURSION = YES;
				CLANG_WARN_INT_CONVERSION = YES;
				CLANG_WARN_NON_LITERAL_NULL_CONVERSION = YES;
				CLANG_WARN_OBJC_IMPLICIT_RETAIN_SELF = YES;
				CLANG_WARN_OBJC_LITERAL_CONVERSION = YES;
				CLANG_WARN_OBJC_ROOT_CLASS = YES_ERROR;
				CLANG_WARN_QUOTED_INCLUDE_IN_FRAMEWORK_HEADER = YES;
				CLANG_WARN_RANGE_LOOP_ANALYSIS = YES;
				CLANG_WARN_STRICT_PROTOTYPES = YES;
				CLANG_WARN_SUSPICIOUS_MOVE = YES;
				CLANG_WARN_UNGUARDED_AVAILABILITY = YES_AGGRESSIVE;
				CLANG_WARN_UNREACHABLE_CODE = YES;
				CLANG_WARN__DUPLICATE_METHOD_MATCH = YES;
				COPY_PHASE_STRIP = NO;
				DEBUG_INFORMATION_FORMAT = "dwarf-with-dsym";
				ENABLE_NS_ASSERTIONS = NO;
				ENABLE_STRICT_OBJC_MSGSEND = YES;
				ENABLE_USER_SCRIPT_SANDBOXING = YES;
				GCC_C_LANGUAGE_STANDARD = gnu11;
				GCC_NO_COMMON_BLOCKS = YES;
				GCC_WARN_64_TO_32_BIT_CONVERSION = YES;
				GCC_WARN_ABOUT_RETURN_TYPE = YES_ERROR;
				GCC_WARN_UNDECLARED_SELECTOR = YES;
				GCC_WARN_UNINITIALIZED_AUTOS = YES_AGGRESSIVE;
				GCC_WARN_UNUSED_FUNCTION = YES;
				GCC_WARN_UNUSED_VARIABLE = YES;
				IPHONEOS_DEPLOYMENT_TARGET = 14.0;
				MTL_ENABLE_DEBUG_INFO = NO;
				MTL_FAST_MATH = YES;
				SDKROOT = iphoneos;
				SWIFT_COMPILATION_MODE = wholemodule;
				SWIFT_OPTIMIZATION_LEVEL = "-O";
				SWIFT_VERSION = 5.0;
				VALIDATE_PRODUCT = YES;
			};
			name = Release;
		};
		0441385C2501A02500732969 /* Debug */ = {
			isa = XCBuildConfiguration;
			buildSettings = {
				ASSETCATALOG_COMPILER_APPICON_NAME = AppIcon;
				CODE_SIGN_STYLE = Automatic;
				DEVELOPMENT_TEAM = 9KW78KWHHD;
				GENERATE_INFOPLIST_FILE = YES;
				INFOPLIST_FILE = app/Info.plist;
				INFOPLIST_KEY_CFBundleDisplayName = RootEncoder;
				INFOPLIST_KEY_NSCameraUsageDescription = "We need access to your camera to get video frames";
				INFOPLIST_KEY_NSMicrophoneUsageDescription = "We need access to your microphone for audio recording";
				INFOPLIST_KEY_NSPhotoLibraryUsageDescription = "We need access to your storage to save videos";
				INFOPLIST_KEY_UIApplicationSceneManifest_Generation = YES;
				INFOPLIST_KEY_UILaunchScreen_Generation = YES;
				INFOPLIST_KEY_UISupportedInterfaceOrientations = "UIInterfaceOrientationPortrait UIInterfaceOrientationPortraitUpsideDown UIInterfaceOrientationLandscapeLeft UIInterfaceOrientationLandscapeRight";
				IPHONEOS_DEPLOYMENT_TARGET = 14.0;
				LD_RUNPATH_SEARCH_PATHS = (
					"$(inherited)",
					"@executable_path/Frameworks",
				);
				PRODUCT_BUNDLE_IDENTIFIER = com.pedro.streamers6;
				PRODUCT_NAME = "$(TARGET_NAME)";
				SWIFT_VERSION = 5.0;
				TARGETED_DEVICE_FAMILY = "1,2";
			};
			name = Debug;
		};
		0441385D2501A02500732969 /* Release */ = {
			isa = XCBuildConfiguration;
			buildSettings = {
				ASSETCATALOG_COMPILER_APPICON_NAME = AppIcon;
				CODE_SIGN_IDENTITY = "Apple Development";
				CODE_SIGN_STYLE = Automatic;
				DEVELOPMENT_TEAM = 9KW78KWHHD;
				GENERATE_INFOPLIST_FILE = YES;
				INFOPLIST_FILE = app/Info.plist;
				INFOPLIST_KEY_CFBundleDisplayName = RootEncoder;
				INFOPLIST_KEY_NSCameraUsageDescription = "We need access to your camera to get video frames";
				INFOPLIST_KEY_NSMicrophoneUsageDescription = "We need access to your microphone for audio recording";
				INFOPLIST_KEY_NSPhotoLibraryUsageDescription = "We need access to your storage to save videos";
				INFOPLIST_KEY_UIApplicationSceneManifest_Generation = YES;
				INFOPLIST_KEY_UILaunchScreen_Generation = YES;
				INFOPLIST_KEY_UISupportedInterfaceOrientations = "UIInterfaceOrientationPortrait UIInterfaceOrientationPortraitUpsideDown UIInterfaceOrientationLandscapeLeft UIInterfaceOrientationLandscapeRight";
				IPHONEOS_DEPLOYMENT_TARGET = 14.0;
				LD_RUNPATH_SEARCH_PATHS = (
					"$(inherited)",
					"@executable_path/Frameworks",
				);
				PRODUCT_BUNDLE_IDENTIFIER = com.pedro.streamers6;
				PRODUCT_NAME = "$(TARGET_NAME)";
				PROVISIONING_PROFILE_SPECIFIER = "";
				SWIFT_VERSION = 5.0;
				TARGETED_DEVICE_FAMILY = "1,2";
			};
			name = Release;
		};
		0441385F2501A02500732969 /* Debug */ = {
			isa = XCBuildConfiguration;
			buildSettings = {
				ALWAYS_EMBED_SWIFT_STANDARD_LIBRARIES = YES;
				BUNDLE_LOADER = "$(TEST_HOST)";
				CODE_SIGN_STYLE = Automatic;
				DEVELOPMENT_TEAM = 9KW78KWHHD;
				INFOPLIST_FILE = appTests/Info.plist;
				IPHONEOS_DEPLOYMENT_TARGET = 14.0;
				LD_RUNPATH_SEARCH_PATHS = (
					"$(inherited)",
					"@executable_path/Frameworks",
					"@loader_path/Frameworks",
				);
				PRODUCT_BUNDLE_IDENTIFIER = com.pedro.appTests;
				PRODUCT_NAME = "$(TARGET_NAME)";
				SWIFT_VERSION = 5.0;
				TARGETED_DEVICE_FAMILY = "1,2";
				TEST_HOST = "$(BUILT_PRODUCTS_DIR)/app.app/app";
			};
			name = Debug;
		};
		044138602501A02500732969 /* Release */ = {
			isa = XCBuildConfiguration;
			buildSettings = {
				ALWAYS_EMBED_SWIFT_STANDARD_LIBRARIES = YES;
				BUNDLE_LOADER = "$(TEST_HOST)";
				CODE_SIGN_STYLE = Automatic;
				DEVELOPMENT_TEAM = 9KW78KWHHD;
				INFOPLIST_FILE = appTests/Info.plist;
				IPHONEOS_DEPLOYMENT_TARGET = 14.0;
				LD_RUNPATH_SEARCH_PATHS = (
					"$(inherited)",
					"@executable_path/Frameworks",
					"@loader_path/Frameworks",
				);
				PRODUCT_BUNDLE_IDENTIFIER = com.pedro.appTests;
				PRODUCT_NAME = "$(TARGET_NAME)";
				SWIFT_VERSION = 5.0;
				TARGETED_DEVICE_FAMILY = "1,2";
				TEST_HOST = "$(BUILT_PRODUCTS_DIR)/app.app/app";
			};
			name = Release;
		};
		044138622501A02500732969 /* Debug */ = {
			isa = XCBuildConfiguration;
			buildSettings = {
				ALWAYS_EMBED_SWIFT_STANDARD_LIBRARIES = YES;
				CODE_SIGN_STYLE = Automatic;
				DEVELOPMENT_TEAM = 9KW78KWHHD;
				INFOPLIST_FILE = appUITests/Info.plist;
				IPHONEOS_DEPLOYMENT_TARGET = 14.0;
				LD_RUNPATH_SEARCH_PATHS = (
					"$(inherited)",
					"@executable_path/Frameworks",
					"@loader_path/Frameworks",
				);
				PRODUCT_BUNDLE_IDENTIFIER = com.pedro.appUITests;
				PRODUCT_NAME = "$(TARGET_NAME)";
				SWIFT_VERSION = 5.0;
				TARGETED_DEVICE_FAMILY = "1,2";
				TEST_TARGET_NAME = app;
			};
			name = Debug;
		};
		044138632501A02500732969 /* Release */ = {
			isa = XCBuildConfiguration;
			buildSettings = {
				ALWAYS_EMBED_SWIFT_STANDARD_LIBRARIES = YES;
				CODE_SIGN_STYLE = Automatic;
				DEVELOPMENT_TEAM = 9KW78KWHHD;
				INFOPLIST_FILE = appUITests/Info.plist;
				IPHONEOS_DEPLOYMENT_TARGET = 14.0;
				LD_RUNPATH_SEARCH_PATHS = (
					"$(inherited)",
					"@executable_path/Frameworks",
					"@loader_path/Frameworks",
				);
				PRODUCT_BUNDLE_IDENTIFIER = com.pedro.appUITests;
				PRODUCT_NAME = "$(TARGET_NAME)";
				SWIFT_VERSION = 5.0;
				TARGETED_DEVICE_FAMILY = "1,2";
				TEST_TARGET_NAME = app;
			};
			name = Release;
		};
/* End XCBuildConfiguration section */

/* Begin XCConfigurationList section */
		0441382C2501A02300732969 /* Build configuration list for PBXProject "app" */ = {
			isa = XCConfigurationList;
			buildConfigurations = (
				044138592501A02500732969 /* Debug */,
				0441385A2501A02500732969 /* Release */,
			);
			defaultConfigurationIsVisible = 0;
			defaultConfigurationName = Release;
		};
		0441385B2501A02500732969 /* Build configuration list for PBXNativeTarget "app" */ = {
			isa = XCConfigurationList;
			buildConfigurations = (
				0441385C2501A02500732969 /* Debug */,
				0441385D2501A02500732969 /* Release */,
			);
			defaultConfigurationIsVisible = 0;
			defaultConfigurationName = Release;
		};
		0441385E2501A02500732969 /* Build configuration list for PBXNativeTarget "appTests" */ = {
			isa = XCConfigurationList;
			buildConfigurations = (
				0441385F2501A02500732969 /* Debug */,
				044138602501A02500732969 /* Release */,
			);
			defaultConfigurationIsVisible = 0;
			defaultConfigurationName = Release;
		};
		044138612501A02500732969 /* Build configuration list for PBXNativeTarget "appUITests" */ = {
			isa = XCConfigurationList;
			buildConfigurations = (
				044138622501A02500732969 /* Debug */,
				044138632501A02500732969 /* Release */,
			);
			defaultConfigurationIsVisible = 0;
			defaultConfigurationName = Release;
		};
/* End XCConfigurationList section */

/* Begin XCSwiftPackageProductDependency section */
		EBDA58A62BEE915E002F85A2 /* RootEncoder */ = {
			isa = XCSwiftPackageProductDependency;
			productName = RootEncoder;
		};
/* End XCSwiftPackageProductDependency section */
	};
	rootObject = 044138292501A02300732969 /* Project object */;
}
