// !$*UTF8*$!
{
	archiveVersion = 1;
	classes = {
	};
	objectVersion = 56;
	objects = {

/* Begin PBXBuildFile section */
		EB9B4DB12ACCB26800F427C5 /* Command.swift in Sources */ = {isa = PBXBuildFile; fileRef = EB9B4DB02ACCB26800F427C5 /* Command.swift */; };
		EB9B4DB32ACCB28200F427C5 /* Method.swift in Sources */ = {isa = PBXBuildFile; fileRef = EB9B4DB22ACCB28200F427C5 /* Method.swift */; };
		EB9B4DB52ACCB48C00F427C5 /* CommandParser.swift in Sources */ = {isa = PBXBuildFile; fileRef = EB9B4DB42ACCB48C00F427C5 /* CommandParser.swift */; };
		EBB16EF52AC3861500B48654 /* AacPacket.swift in Sources */ = {isa = PBXBuildFile; fileRef = EBC6AC462AC383A800AAA380 /* AacPacket.swift */; };
		EBB16EF62AC3861500B48654 /* BasePacket.swift in Sources */ = {isa = PBXBuildFile; fileRef = EBC6AC472AC383A800AAA380 /* BasePacket.swift */; };
		EBB16EF72AC3861500B48654 /* H264Packet.swift in Sources */ = {isa = PBXBuildFile; fileRef = EBC6AC482AC383A800AAA380 /* H264Packet.swift */; };
		EBB16EF82AC3861500B48654 /* H265Packet.swift in Sources */ = {isa = PBXBuildFile; fileRef = EBC6AC492AC383A800AAA380 /* H265Packet.swift */; };
		EBB16EF92AC3861500B48654 /* ConnectCheckerRtsp.swift in Sources */ = {isa = PBXBuildFile; fileRef = EBC6AC4C2AC383A800AAA380 /* ConnectCheckerRtsp.swift */; };
		EBB16EFA2AC3861500B48654 /* RtpConstants.swift in Sources */ = {isa = PBXBuildFile; fileRef = EBC6AC4D2AC383A800AAA380 /* RtpConstants.swift */; };
		EBB16EFB2AC3861500B48654 /* Socket.swift in Sources */ = {isa = PBXBuildFile; fileRef = EBC6AC4E2AC383A800AAA380 /* Socket.swift */; };
		EBB16EFC2AC3861500B48654 /* Utils.swift in Sources */ = {isa = PBXBuildFile; fileRef = EBC6AC4F2AC383A800AAA380 /* Utils.swift */; };
		EBB16EFD2AC3861500B48654 /* SynchronizedQueue.swift in Sources */ = {isa = PBXBuildFile; fileRef = EBC6AC502AC383A800AAA380 /* SynchronizedQueue.swift */; };
		EBB16EFE2AC3861500B48654 /* RtspClient.swift in Sources */ = {isa = PBXBuildFile; fileRef = EBC6AC522AC383A800AAA380 /* RtspClient.swift */; };
		EBB16EFF2AC3861500B48654 /* SdpBody.swift in Sources */ = {isa = PBXBuildFile; fileRef = EBC6AC532AC383A800AAA380 /* SdpBody.swift */; };
		EBB16F002AC3861500B48654 /* CommandsManager.swift in Sources */ = {isa = PBXBuildFile; fileRef = EBC6AC542AC383A800AAA380 /* CommandsManager.swift */; };
		EBB16F012AC3861500B48654 /* Protocol.swift in Sources */ = {isa = PBXBuildFile; fileRef = EBC6AC552AC383A800AAA380 /* Protocol.swift */; };
		EBB16F022AC3861500B48654 /* RtpFrame.swift in Sources */ = {isa = PBXBuildFile; fileRef = EBC6AC562AC383A800AAA380 /* RtpFrame.swift */; };
		EBB16F032AC3861500B48654 /* RtspSender.swift in Sources */ = {isa = PBXBuildFile; fileRef = EBC6AC572AC383A800AAA380 /* RtspSender.swift */; };
		EBB16F042AC386D300B48654 /* RtpSocketTcp.swift in Sources */ = {isa = PBXBuildFile; fileRef = EBC6AC422AC383A800AAA380 /* RtpSocketTcp.swift */; };
		EBB16F052AC386D300B48654 /* BaseRtpSocket.swift in Sources */ = {isa = PBXBuildFile; fileRef = EBC6AC432AC383A800AAA380 /* BaseRtpSocket.swift */; };
		EBB16F062AC386D300B48654 /* RtpSocketUdp.swift in Sources */ = {isa = PBXBuildFile; fileRef = EBC6AC442AC383A800AAA380 /* RtpSocketUdp.swift */; };
		EBB16F0A2AC3874700B48654 /* IOException.swift in Sources */ = {isa = PBXBuildFile; fileRef = EBB16F092AC3874700B48654 /* IOException.swift */; };
		EBC6AC242AC3839200AAA380 /* rtsp.docc in Sources */ = {isa = PBXBuildFile; fileRef = EBC6AC232AC3839200AAA380 /* rtsp.docc */; };
		EBC6AC2A2AC3839200AAA380 /* rtsp.framework in Frameworks */ = {isa = PBXBuildFile; fileRef = EBC6AC1F2AC3839200AAA380 /* rtsp.framework */; };
		EBC6AC2F2AC3839200AAA380 /* rtspTests.swift in Sources */ = {isa = PBXBuildFile; fileRef = EBC6AC2E2AC3839200AAA380 /* rtspTests.swift */; };
		EBC6AC302AC3839200AAA380 /* rtsp.h in Headers */ = {isa = PBXBuildFile; fileRef = EBC6AC222AC3839200AAA380 /* rtsp.h */; settings = {ATTRIBUTES = (Public, ); }; };
		EBC6AC6A2AC3841500AAA380 /* SenderReportTcp.swift in Sources */ = {isa = PBXBuildFile; fileRef = EBC6AC672AC3841500AAA380 /* SenderReportTcp.swift */; };
		EBC6AC6B2AC3841500AAA380 /* SenderReportUdp.swift in Sources */ = {isa = PBXBuildFile; fileRef = EBC6AC682AC3841500AAA380 /* SenderReportUdp.swift */; };
		EBC6AC6C2AC3841500AAA380 /* BaseSenderReport.swift in Sources */ = {isa = PBXBuildFile; fileRef = EBC6AC692AC3841500AAA380 /* BaseSenderReport.swift */; };
/* End PBXBuildFile section */

/* Begin PBXContainerItemProxy section */
		EBC6AC2B2AC3839200AAA380 /* PBXContainerItemProxy */ = {
			isa = PBXContainerItemProxy;
			containerPortal = EBC6AC162AC3839200AAA380 /* Project object */;
			proxyType = 1;
			remoteGlobalIDString = EBC6AC1E2AC3839200AAA380;
			remoteInfo = rtsp;
		};
/* End PBXContainerItemProxy section */

/* Begin PBXFileReference section */
		EB9B4DB02ACCB26800F427C5 /* Command.swift */ = {isa = PBXFileReference; lastKnownFileType = sourcecode.swift; path = Command.swift; sourceTree = "<group>"; };
		EB9B4DB22ACCB28200F427C5 /* Method.swift */ = {isa = PBXFileReference; lastKnownFileType = sourcecode.swift; path = Method.swift; sourceTree = "<group>"; };
		EB9B4DB42ACCB48C00F427C5 /* CommandParser.swift */ = {isa = PBXFileReference; lastKnownFileType = sourcecode.swift; path = CommandParser.swift; sourceTree = "<group>"; };
		EBB16F092AC3874700B48654 /* IOException.swift */ = {isa = PBXFileReference; lastKnownFileType = sourcecode.swift; path = IOException.swift; sourceTree = "<group>"; };
		EBC6AC1F2AC3839200AAA380 /* rtsp.framework */ = {isa = PBXFileReference; explicitFileType = wrapper.framework; includeInIndex = 0; path = rtsp.framework; sourceTree = BUILT_PRODUCTS_DIR; };
		EBC6AC222AC3839200AAA380 /* rtsp.h */ = {isa = PBXFileReference; lastKnownFileType = sourcecode.c.h; path = rtsp.h; sourceTree = "<group>"; };
		EBC6AC232AC3839200AAA380 /* rtsp.docc */ = {isa = PBXFileReference; lastKnownFileType = folder.documentationcatalog; path = rtsp.docc; sourceTree = "<group>"; };
		EBC6AC292AC3839200AAA380 /* rtspTests.xctest */ = {isa = PBXFileReference; explicitFileType = wrapper.cfbundle; includeInIndex = 0; path = rtspTests.xctest; sourceTree = BUILT_PRODUCTS_DIR; };
		EBC6AC2E2AC3839200AAA380 /* rtspTests.swift */ = {isa = PBXFileReference; lastKnownFileType = sourcecode.swift; path = rtspTests.swift; sourceTree = "<group>"; };
		EBC6AC422AC383A800AAA380 /* RtpSocketTcp.swift */ = {isa = PBXFileReference; fileEncoding = 4; lastKnownFileType = sourcecode.swift; path = RtpSocketTcp.swift; sourceTree = "<group>"; };
		EBC6AC432AC383A800AAA380 /* BaseRtpSocket.swift */ = {isa = PBXFileReference; fileEncoding = 4; lastKnownFileType = sourcecode.swift; path = BaseRtpSocket.swift; sourceTree = "<group>"; };
		EBC6AC442AC383A800AAA380 /* RtpSocketUdp.swift */ = {isa = PBXFileReference; fileEncoding = 4; lastKnownFileType = sourcecode.swift; path = RtpSocketUdp.swift; sourceTree = "<group>"; };
		EBC6AC462AC383A800AAA380 /* AacPacket.swift */ = {isa = PBXFileReference; fileEncoding = 4; lastKnownFileType = sourcecode.swift; path = AacPacket.swift; sourceTree = "<group>"; };
		EBC6AC472AC383A800AAA380 /* BasePacket.swift */ = {isa = PBXFileReference; fileEncoding = 4; lastKnownFileType = sourcecode.swift; path = BasePacket.swift; sourceTree = "<group>"; };
		EBC6AC482AC383A800AAA380 /* H264Packet.swift */ = {isa = PBXFileReference; fileEncoding = 4; lastKnownFileType = sourcecode.swift; path = H264Packet.swift; sourceTree = "<group>"; };
		EBC6AC492AC383A800AAA380 /* H265Packet.swift */ = {isa = PBXFileReference; fileEncoding = 4; lastKnownFileType = sourcecode.swift; path = H265Packet.swift; sourceTree = "<group>"; };
		EBC6AC4C2AC383A800AAA380 /* ConnectCheckerRtsp.swift */ = {isa = PBXFileReference; fileEncoding = 4; lastKnownFileType = sourcecode.swift; path = ConnectCheckerRtsp.swift; sourceTree = "<group>"; };
		EBC6AC4D2AC383A800AAA380 /* RtpConstants.swift */ = {isa = PBXFileReference; fileEncoding = 4; lastKnownFileType = sourcecode.swift; path = RtpConstants.swift; sourceTree = "<group>"; };
		EBC6AC4E2AC383A800AAA380 /* Socket.swift */ = {isa = PBXFileReference; fileEncoding = 4; lastKnownFileType = sourcecode.swift; path = Socket.swift; sourceTree = "<group>"; };
		EBC6AC4F2AC383A800AAA380 /* Utils.swift */ = {isa = PBXFileReference; fileEncoding = 4; lastKnownFileType = sourcecode.swift; path = Utils.swift; sourceTree = "<group>"; };
		EBC6AC502AC383A800AAA380 /* SynchronizedQueue.swift */ = {isa = PBXFileReference; fileEncoding = 4; lastKnownFileType = sourcecode.swift; path = SynchronizedQueue.swift; sourceTree = "<group>"; };
		EBC6AC522AC383A800AAA380 /* RtspClient.swift */ = {isa = PBXFileReference; fileEncoding = 4; lastKnownFileType = sourcecode.swift; path = RtspClient.swift; sourceTree = "<group>"; };
		EBC6AC532AC383A800AAA380 /* SdpBody.swift */ = {isa = PBXFileReference; fileEncoding = 4; lastKnownFileType = sourcecode.swift; path = SdpBody.swift; sourceTree = "<group>"; };
		EBC6AC542AC383A800AAA380 /* CommandsManager.swift */ = {isa = PBXFileReference; fileEncoding = 4; lastKnownFileType = sourcecode.swift; path = CommandsManager.swift; sourceTree = "<group>"; };
		EBC6AC552AC383A800AAA380 /* Protocol.swift */ = {isa = PBXFileReference; fileEncoding = 4; lastKnownFileType = sourcecode.swift; path = Protocol.swift; sourceTree = "<group>"; };
		EBC6AC562AC383A800AAA380 /* RtpFrame.swift */ = {isa = PBXFileReference; fileEncoding = 4; lastKnownFileType = sourcecode.swift; path = RtpFrame.swift; sourceTree = "<group>"; };
		EBC6AC572AC383A800AAA380 /* RtspSender.swift */ = {isa = PBXFileReference; fileEncoding = 4; lastKnownFileType = sourcecode.swift; path = RtspSender.swift; sourceTree = "<group>"; };
		EBC6AC672AC3841500AAA380 /* SenderReportTcp.swift */ = {isa = PBXFileReference; fileEncoding = 4; lastKnownFileType = sourcecode.swift; path = SenderReportTcp.swift; sourceTree = "<group>"; };
		EBC6AC682AC3841500AAA380 /* SenderReportUdp.swift */ = {isa = PBXFileReference; fileEncoding = 4; lastKnownFileType = sourcecode.swift; path = SenderReportUdp.swift; sourceTree = "<group>"; };
		EBC6AC692AC3841500AAA380 /* BaseSenderReport.swift */ = {isa = PBXFileReference; fileEncoding = 4; lastKnownFileType = sourcecode.swift; path = BaseSenderReport.swift; sourceTree = "<group>"; };
/* End PBXFileReference section */

/* Begin PBXFrameworksBuildPhase section */
		EBC6AC1C2AC3839200AAA380 /* Frameworks */ = {
			isa = PBXFrameworksBuildPhase;
			buildActionMask = 2147483647;
			files = (
			);
			runOnlyForDeploymentPostprocessing = 0;
		};
		EBC6AC262AC3839200AAA380 /* Frameworks */ = {
			isa = PBXFrameworksBuildPhase;
			buildActionMask = 2147483647;
			files = (
				EBC6AC2A2AC3839200AAA380 /* rtsp.framework in Frameworks */,
			);
			runOnlyForDeploymentPostprocessing = 0;
		};
/* End PBXFrameworksBuildPhase section */

/* Begin PBXGroup section */
		EB9B4DAF2ACCB24500F427C5 /* commands */ = {
			isa = PBXGroup;
			children = (
				EBC6AC542AC383A800AAA380 /* CommandsManager.swift */,
				EBC6AC532AC383A800AAA380 /* SdpBody.swift */,
				EB9B4DB02ACCB26800F427C5 /* Command.swift */,
				EB9B4DB22ACCB28200F427C5 /* Method.swift */,
				EB9B4DB42ACCB48C00F427C5 /* CommandParser.swift */,
			);
			path = commands;
			sourceTree = "<group>";
		};
		EBC6AC152AC3839200AAA380 = {
			isa = PBXGroup;
			children = (
				EBC6AC212AC3839200AAA380 /* rtsp */,
				EBC6AC2D2AC3839200AAA380 /* rtspTests */,
				EBC6AC202AC3839200AAA380 /* Products */,
			);
			sourceTree = "<group>";
		};
		EBC6AC202AC3839200AAA380 /* Products */ = {
			isa = PBXGroup;
			children = (
				EBC6AC1F2AC3839200AAA380 /* rtsp.framework */,
				EBC6AC292AC3839200AAA380 /* rtspTests.xctest */,
			);
			name = Products;
			sourceTree = "<group>";
		};
		EBC6AC212AC3839200AAA380 /* rtsp */ = {
			isa = PBXGroup;
			children = (
				EBC6AC662AC3841500AAA380 /* rtcp */,
				EBC6AC4B2AC383A800AAA380 /* rtp */,
				EBC6AC512AC383A800AAA380 /* utils */,
				EBC6AC582AC383A800AAA380 /* rtsp */,
				EBC6AC222AC3839200AAA380 /* rtsp.h */,
				EBC6AC232AC3839200AAA380 /* rtsp.docc */,
			);
			path = rtsp;
			sourceTree = "<group>";
		};
		EBC6AC2D2AC3839200AAA380 /* rtspTests */ = {
			isa = PBXGroup;
			children = (
				EBC6AC2E2AC3839200AAA380 /* rtspTests.swift */,
			);
			path = rtspTests;
			sourceTree = "<group>";
		};
		EBC6AC452AC383A800AAA380 /* sockets */ = {
			isa = PBXGroup;
			children = (
				EBC6AC422AC383A800AAA380 /* RtpSocketTcp.swift */,
				EBC6AC432AC383A800AAA380 /* BaseRtpSocket.swift */,
				EBC6AC442AC383A800AAA380 /* RtpSocketUdp.swift */,
			);
			path = sockets;
			sourceTree = "<group>";
		};
		EBC6AC4A2AC383A800AAA380 /* packets */ = {
			isa = PBXGroup;
			children = (
				EBC6AC462AC383A800AAA380 /* AacPacket.swift */,
				EBC6AC472AC383A800AAA380 /* BasePacket.swift */,
				EBC6AC482AC383A800AAA380 /* H264Packet.swift */,
				EBC6AC492AC383A800AAA380 /* H265Packet.swift */,
			);
			path = packets;
			sourceTree = "<group>";
		};
		EBC6AC4B2AC383A800AAA380 /* rtp */ = {
			isa = PBXGroup;
			children = (
				EBC6AC452AC383A800AAA380 /* sockets */,
				EBC6AC4A2AC383A800AAA380 /* packets */,
			);
			path = rtp;
			sourceTree = "<group>";
		};
		EBC6AC512AC383A800AAA380 /* utils */ = {
			isa = PBXGroup;
			children = (
				EBC6AC4C2AC383A800AAA380 /* ConnectCheckerRtsp.swift */,
				EBC6AC4D2AC383A800AAA380 /* RtpConstants.swift */,
				EBC6AC4E2AC383A800AAA380 /* Socket.swift */,
				EBC6AC4F2AC383A800AAA380 /* Utils.swift */,
				EBC6AC502AC383A800AAA380 /* SynchronizedQueue.swift */,
				EBB16F092AC3874700B48654 /* IOException.swift */,
			);
			path = utils;
			sourceTree = "<group>";
		};
		EBC6AC582AC383A800AAA380 /* rtsp */ = {
			isa = PBXGroup;
			children = (
				EB9B4DAF2ACCB24500F427C5 /* commands */,
				EBC6AC522AC383A800AAA380 /* RtspClient.swift */,
				EBC6AC552AC383A800AAA380 /* Protocol.swift */,
				EBC6AC562AC383A800AAA380 /* RtpFrame.swift */,
				EBC6AC572AC383A800AAA380 /* RtspSender.swift */,
			);
			path = rtsp;
			sourceTree = "<group>";
		};
		EBC6AC662AC3841500AAA380 /* rtcp */ = {
			isa = PBXGroup;
			children = (
				EBC6AC672AC3841500AAA380 /* SenderReportTcp.swift */,
				EBC6AC682AC3841500AAA380 /* SenderReportUdp.swift */,
				EBC6AC692AC3841500AAA380 /* BaseSenderReport.swift */,
			);
			path = rtcp;
			sourceTree = "<group>";
		};
/* End PBXGroup section */

/* Begin PBXHeadersBuildPhase section */
		EBC6AC1A2AC3839200AAA380 /* Headers */ = {
			isa = PBXHeadersBuildPhase;
			buildActionMask = 2147483647;
			files = (
				EBC6AC302AC3839200AAA380 /* rtsp.h in Headers */,
			);
			runOnlyForDeploymentPostprocessing = 0;
		};
/* End PBXHeadersBuildPhase section */

/* Begin PBXNativeTarget section */
		EBC6AC1E2AC3839200AAA380 /* rtsp */ = {
			isa = PBXNativeTarget;
			buildConfigurationList = EBC6AC332AC3839200AAA380 /* Build configuration list for PBXNativeTarget "rtsp" */;
			buildPhases = (
				EBC6AC1A2AC3839200AAA380 /* Headers */,
				EBC6AC1B2AC3839200AAA380 /* Sources */,
				EBC6AC1C2AC3839200AAA380 /* Frameworks */,
				EBC6AC1D2AC3839200AAA380 /* Resources */,
			);
			buildRules = (
			);
			dependencies = (
			);
			name = rtsp;
			productName = rtsp;
			productReference = EBC6AC1F2AC3839200AAA380 /* rtsp.framework */;
			productType = "com.apple.product-type.framework";
		};
		EBC6AC282AC3839200AAA380 /* rtspTests */ = {
			isa = PBXNativeTarget;
			buildConfigurationList = EBC6AC362AC3839200AAA380 /* Build configuration list for PBXNativeTarget "rtspTests" */;
			buildPhases = (
				EBC6AC252AC3839200AAA380 /* Sources */,
				EBC6AC262AC3839200AAA380 /* Frameworks */,
				EBC6AC272AC3839200AAA380 /* Resources */,
			);
			buildRules = (
			);
			dependencies = (
				EBC6AC2C2AC3839200AAA380 /* PBXTargetDependency */,
			);
			name = rtspTests;
			productName = rtspTests;
			productReference = EBC6AC292AC3839200AAA380 /* rtspTests.xctest */;
			productType = "com.apple.product-type.bundle.unit-test";
		};
/* End PBXNativeTarget section */

/* Begin PBXProject section */
		EBC6AC162AC3839200AAA380 /* Project object */ = {
			isa = PBXProject;
			attributes = {
				BuildIndependentTargetsInParallel = 1;
				LastSwiftUpdateCheck = 1500;
				LastUpgradeCheck = 1500;
				TargetAttributes = {
					EBC6AC1E2AC3839200AAA380 = {
						CreatedOnToolsVersion = 15.0;
					};
					EBC6AC282AC3839200AAA380 = {
						CreatedOnToolsVersion = 15.0;
					};
				};
			};
			buildConfigurationList = EBC6AC192AC3839200AAA380 /* Build configuration list for PBXProject "rtsp" */;
			compatibilityVersion = "Xcode 14.0";
			developmentRegion = en;
			hasScannedForEncodings = 0;
			knownRegions = (
				en,
				Base,
			);
			mainGroup = EBC6AC152AC3839200AAA380;
			productRefGroup = EBC6AC202AC3839200AAA380 /* Products */;
			projectDirPath = "";
			projectRoot = "";
			targets = (
				EBC6AC1E2AC3839200AAA380 /* rtsp */,
				EBC6AC282AC3839200AAA380 /* rtspTests */,
			);
		};
/* End PBXProject section */

/* Begin PBXResourcesBuildPhase section */
		EBC6AC1D2AC3839200AAA380 /* Resources */ = {
			isa = PBXResourcesBuildPhase;
			buildActionMask = 2147483647;
			files = (
			);
			runOnlyForDeploymentPostprocessing = 0;
		};
		EBC6AC272AC3839200AAA380 /* Resources */ = {
			isa = PBXResourcesBuildPhase;
			buildActionMask = 2147483647;
			files = (
			);
			runOnlyForDeploymentPostprocessing = 0;
		};
/* End PBXResourcesBuildPhase section */

/* Begin PBXSourcesBuildPhase section */
		EBC6AC1B2AC3839200AAA380 /* Sources */ = {
			isa = PBXSourcesBuildPhase;
			buildActionMask = 2147483647;
			files = (
				EB9B4DB32ACCB28200F427C5 /* Method.swift in Sources */,
				EBB16F042AC386D300B48654 /* RtpSocketTcp.swift in Sources */,
				EBB16F052AC386D300B48654 /* BaseRtpSocket.swift in Sources */,
				EBB16F062AC386D300B48654 /* RtpSocketUdp.swift in Sources */,
				EBB16EF52AC3861500B48654 /* AacPacket.swift in Sources */,
				EBB16EF62AC3861500B48654 /* BasePacket.swift in Sources */,
				EBB16EF72AC3861500B48654 /* H264Packet.swift in Sources */,
				EBB16EF82AC3861500B48654 /* H265Packet.swift in Sources */,
				EB9B4DB52ACCB48C00F427C5 /* CommandParser.swift in Sources */,
				EBB16EF92AC3861500B48654 /* ConnectCheckerRtsp.swift in Sources */,
				EBB16EFA2AC3861500B48654 /* RtpConstants.swift in Sources */,
				EBB16EFB2AC3861500B48654 /* Socket.swift in Sources */,
				EBB16EFC2AC3861500B48654 /* Utils.swift in Sources */,
				EBB16EFD2AC3861500B48654 /* SynchronizedQueue.swift in Sources */,
				EBB16EFE2AC3861500B48654 /* RtspClient.swift in Sources */,
				EBB16EFF2AC3861500B48654 /* SdpBody.swift in Sources */,
				EBB16F002AC3861500B48654 /* CommandsManager.swift in Sources */,
				EBB16F012AC3861500B48654 /* Protocol.swift in Sources */,
				EBB16F022AC3861500B48654 /* RtpFrame.swift in Sources */,
				EBB16F032AC3861500B48654 /* RtspSender.swift in Sources */,
				EBB16F0A2AC3874700B48654 /* IOException.swift in Sources */,
				EBC6AC6B2AC3841500AAA380 /* SenderReportUdp.swift in Sources */,
				EBC6AC6C2AC3841500AAA380 /* BaseSenderReport.swift in Sources */,
				EBC6AC6A2AC3841500AAA380 /* SenderReportTcp.swift in Sources */,
				EBC6AC242AC3839200AAA380 /* rtsp.docc in Sources */,
				EB9B4DB12ACCB26800F427C5 /* Command.swift in Sources */,
			);
			runOnlyForDeploymentPostprocessing = 0;
		};
		EBC6AC252AC3839200AAA380 /* Sources */ = {
			isa = PBXSourcesBuildPhase;
			buildActionMask = 2147483647;
			files = (
				EBC6AC2F2AC3839200AAA380 /* rtspTests.swift in Sources */,
			);
			runOnlyForDeploymentPostprocessing = 0;
		};
/* End PBXSourcesBuildPhase section */

/* Begin PBXTargetDependency section */
		EBC6AC2C2AC3839200AAA380 /* PBXTargetDependency */ = {
			isa = PBXTargetDependency;
			target = EBC6AC1E2AC3839200AAA380 /* rtsp */;
			targetProxy = EBC6AC2B2AC3839200AAA380 /* PBXContainerItemProxy */;
		};
/* End PBXTargetDependency section */

/* Begin XCBuildConfiguration section */
		EBC6AC312AC3839200AAA380 /* Debug */ = {
			isa = XCBuildConfiguration;
			buildSettings = {
				ALWAYS_SEARCH_USER_PATHS = NO;
				ASSETCATALOG_COMPILER_GENERATE_SWIFT_ASSET_SYMBOL_EXTENSIONS = YES;
				CLANG_ANALYZER_NONNULL = YES;
				CLANG_ANALYZER_NUMBER_OBJECT_CONVERSION = YES_AGGRESSIVE;
				CLANG_CXX_LANGUAGE_STANDARD = "gnu++20";
				CLANG_ENABLE_MODULES = YES;
				CLANG_ENABLE_OBJC_ARC = YES;
				CLANG_ENABLE_OBJC_WEAK = YES;
				CLANG_WARN_BLOCK_CAPTURE_AUTORELEASING = YES;
				CLANG_WARN_BOOL_CONVERSION = YES;
				CLANG_WARN_COMMA = YES;
				CLANG_WARN_CONSTANT_CONVERSION = YES;
				CLANG_WARN_DEPRECATED_OBJC_IMPLEMENTATIONS = YES;
				CLANG_WARN_DIRECT_OBJC_ISA_USAGE = YES_ERROR;
				CLANG_WARN_DOCUMENTATION_COMMENTS = YES;
				CLANG_WARN_EMPTY_BODY = YES;
				CLANG_WARN_ENUM_CONVERSION = YES;
				CLANG_WARN_INFINITE_RECURSION = YES;
				CLANG_WARN_INT_CONVERSION = YES;
				CLANG_WARN_NON_LITERAL_NULL_CONVERSION = YES;
				CLANG_WARN_OBJC_IMPLICIT_RETAIN_SELF = YES;
				CLANG_WARN_OBJC_LITERAL_CONVERSION = YES;
				CLANG_WARN_OBJC_ROOT_CLASS = YES_ERROR;
				CLANG_WARN_QUOTED_INCLUDE_IN_FRAMEWORK_HEADER = YES;
				CLANG_WARN_RANGE_LOOP_ANALYSIS = YES;
				CLANG_WARN_STRICT_PROTOTYPES = YES;
				CLANG_WARN_SUSPICIOUS_MOVE = YES;
				CLANG_WARN_UNGUARDED_AVAILABILITY = YES_AGGRESSIVE;
				CLANG_WARN_UNREACHABLE_CODE = YES;
				CLANG_WARN__DUPLICATE_METHOD_MATCH = YES;
				COPY_PHASE_STRIP = NO;
				CURRENT_PROJECT_VERSION = 1;
				DEBUG_INFORMATION_FORMAT = dwarf;
				ENABLE_STRICT_OBJC_MSGSEND = YES;
				ENABLE_TESTABILITY = YES;
				ENABLE_USER_SCRIPT_SANDBOXING = YES;
				GCC_C_LANGUAGE_STANDARD = gnu17;
				GCC_DYNAMIC_NO_PIC = NO;
				GCC_NO_COMMON_BLOCKS = YES;
				GCC_OPTIMIZATION_LEVEL = 0;
				GCC_PREPROCESSOR_DEFINITIONS = (
					"DEBUG=1",
					"$(inherited)",
				);
				GCC_WARN_64_TO_32_BIT_CONVERSION = YES;
				GCC_WARN_ABOUT_RETURN_TYPE = YES_ERROR;
				GCC_WARN_UNDECLARED_SELECTOR = YES;
				GCC_WARN_UNINITIALIZED_AUTOS = YES_AGGRESSIVE;
				GCC_WARN_UNUSED_FUNCTION = YES;
				GCC_WARN_UNUSED_VARIABLE = YES;
				IPHONEOS_DEPLOYMENT_TARGET = 17.0;
				LOCALIZATION_PREFERS_STRING_CATALOGS = YES;
				MTL_ENABLE_DEBUG_INFO = INCLUDE_SOURCE;
				MTL_FAST_MATH = YES;
				ONLY_ACTIVE_ARCH = YES;
				SDKROOT = iphoneos;
				SWIFT_ACTIVE_COMPILATION_CONDITIONS = "DEBUG $(inherited)";
				SWIFT_OPTIMIZATION_LEVEL = "-Onone";
				VERSIONING_SYSTEM = "apple-generic";
				VERSION_INFO_PREFIX = "";
			};
			name = Debug;
		};
		EBC6AC322AC3839200AAA380 /* Release */ = {
			isa = XCBuildConfiguration;
			buildSettings = {
				ALWAYS_SEARCH_USER_PATHS = NO;
				ASSETCATALOG_COMPILER_GENERATE_SWIFT_ASSET_SYMBOL_EXTENSIONS = YES;
				CLANG_ANALYZER_NONNULL = YES;
				CLANG_ANALYZER_NUMBER_OBJECT_CONVERSION = YES_AGGRESSIVE;
				CLANG_CXX_LANGUAGE_STANDARD = "gnu++20";
				CLANG_ENABLE_MODULES = YES;
				CLANG_ENABLE_OBJC_ARC = YES;
				CLANG_ENABLE_OBJC_WEAK = YES;
				CLANG_WARN_BLOCK_CAPTURE_AUTORELEASING = YES;
				CLANG_WARN_BOOL_CONVERSION = YES;
				CLANG_WARN_COMMA = YES;
				CLANG_WARN_CONSTANT_CONVERSION = YES;
				CLANG_WARN_DEPRECATED_OBJC_IMPLEMENTATIONS = YES;
				CLANG_WARN_DIRECT_OBJC_ISA_USAGE = YES_ERROR;
				CLANG_WARN_DOCUMENTATION_COMMENTS = YES;
				CLANG_WARN_EMPTY_BODY = YES;
				CLANG_WARN_ENUM_CONVERSION = YES;
				CLANG_WARN_INFINITE_RECURSION = YES;
				CLANG_WARN_INT_CONVERSION = YES;
				CLANG_WARN_NON_LITERAL_NULL_CONVERSION = YES;
				CLANG_WARN_OBJC_IMPLICIT_RETAIN_SELF = YES;
				CLANG_WARN_OBJC_LITERAL_CONVERSION = YES;
				CLANG_WARN_OBJC_ROOT_CLASS = YES_ERROR;
				CLANG_WARN_QUOTED_INCLUDE_IN_FRAMEWORK_HEADER = YES;
				CLANG_WARN_RANGE_LOOP_ANALYSIS = YES;
				CLANG_WARN_STRICT_PROTOTYPES = YES;
				CLANG_WARN_SUSPICIOUS_MOVE = YES;
				CLANG_WARN_UNGUARDED_AVAILABILITY = YES_AGGRESSIVE;
				CLANG_WARN_UNREACHABLE_CODE = YES;
				CLANG_WARN__DUPLICATE_METHOD_MATCH = YES;
				COPY_PHASE_STRIP = NO;
				CURRENT_PROJECT_VERSION = 1;
				DEBUG_INFORMATION_FORMAT = "dwarf-with-dsym";
				ENABLE_NS_ASSERTIONS = NO;
				ENABLE_STRICT_OBJC_MSGSEND = YES;
				ENABLE_USER_SCRIPT_SANDBOXING = YES;
				GCC_C_LANGUAGE_STANDARD = gnu17;
				GCC_NO_COMMON_BLOCKS = YES;
				GCC_WARN_64_TO_32_BIT_CONVERSION = YES;
				GCC_WARN_ABOUT_RETURN_TYPE = YES_ERROR;
				GCC_WARN_UNDECLARED_SELECTOR = YES;
				GCC_WARN_UNINITIALIZED_AUTOS = YES_AGGRESSIVE;
				GCC_WARN_UNUSED_FUNCTION = YES;
				GCC_WARN_UNUSED_VARIABLE = YES;
				IPHONEOS_DEPLOYMENT_TARGET = 17.0;
				LOCALIZATION_PREFERS_STRING_CATALOGS = YES;
				MTL_ENABLE_DEBUG_INFO = NO;
				MTL_FAST_MATH = YES;
				SDKROOT = iphoneos;
				SWIFT_COMPILATION_MODE = wholemodule;
				VALIDATE_PRODUCT = YES;
				VERSIONING_SYSTEM = "apple-generic";
				VERSION_INFO_PREFIX = "";
			};
			name = Release;
		};
		EBC6AC342AC3839200AAA380 /* Debug */ = {
			isa = XCBuildConfiguration;
			buildSettings = {
				CODE_SIGN_STYLE = Automatic;
				CURRENT_PROJECT_VERSION = 1;
				DEFINES_MODULE = YES;
				DYLIB_COMPATIBILITY_VERSION = 1;
				DYLIB_CURRENT_VERSION = 1;
				DYLIB_INSTALL_NAME_BASE = "@rpath";
				ENABLE_MODULE_VERIFIER = YES;
				GENERATE_INFOPLIST_FILE = YES;
				INFOPLIST_KEY_NSHumanReadableCopyright = "";
				INSTALL_PATH = "$(LOCAL_LIBRARY_DIR)/Frameworks";
				IPHONEOS_DEPLOYMENT_TARGET = 14.0;
				LD_RUNPATH_SEARCH_PATHS = (
					"$(inherited)",
					"@executable_path/Frameworks",
					"@loader_path/Frameworks",
				);
				MARKETING_VERSION = 1.0;
				MODULE_VERIFIER_SUPPORTED_LANGUAGES = "objective-c objective-c++";
				MODULE_VERIFIER_SUPPORTED_LANGUAGE_STANDARDS = "gnu17 gnu++20";
				PRODUCT_BUNDLE_IDENTIFIER = com.pedro.rtsp;
				PRODUCT_NAME = "$(TARGET_NAME:c99extidentifier)";
				SKIP_INSTALL = YES;
				SWIFT_EMIT_LOC_STRINGS = YES;
				SWIFT_VERSION = 5.0;
				TARGETED_DEVICE_FAMILY = "1,2";
			};
			name = Debug;
		};
		EBC6AC352AC3839200AAA380 /* Release */ = {
			isa = XCBuildConfiguration;
			buildSettings = {
				CODE_SIGN_STYLE = Automatic;
				CURRENT_PROJECT_VERSION = 1;
				DEFINES_MODULE = YES;
				DYLIB_COMPATIBILITY_VERSION = 1;
				DYLIB_CURRENT_VERSION = 1;
				DYLIB_INSTALL_NAME_BASE = "@rpath";
				ENABLE_MODULE_VERIFIER = YES;
				GENERATE_INFOPLIST_FILE = YES;
				INFOPLIST_KEY_NSHumanReadableCopyright = "";
				INSTALL_PATH = "$(LOCAL_LIBRARY_DIR)/Frameworks";
				IPHONEOS_DEPLOYMENT_TARGET = 14.0;
				LD_RUNPATH_SEARCH_PATHS = (
					"$(inherited)",
					"@executable_path/Frameworks",
					"@loader_path/Frameworks",
				);
				MARKETING_VERSION = 1.0;
				MODULE_VERIFIER_SUPPORTED_LANGUAGES = "objective-c objective-c++";
				MODULE_VERIFIER_SUPPORTED_LANGUAGE_STANDARDS = "gnu17 gnu++20";
				PRODUCT_BUNDLE_IDENTIFIER = com.pedro.rtsp;
				PRODUCT_NAME = "$(TARGET_NAME:c99extidentifier)";
				SKIP_INSTALL = YES;
				SWIFT_EMIT_LOC_STRINGS = YES;
				SWIFT_VERSION = 5.0;
				TARGETED_DEVICE_FAMILY = "1,2";
			};
			name = Release;
		};
		EBC6AC372AC3839200AAA380 /* Debug */ = {
			isa = XCBuildConfiguration;
			buildSettings = {
				ALWAYS_EMBED_SWIFT_STANDARD_LIBRARIES = YES;
				CODE_SIGN_STYLE = Automatic;
				CURRENT_PROJECT_VERSION = 1;
				GENERATE_INFOPLIST_FILE = YES;
				MARKETING_VERSION = 1.0;
				PRODUCT_BUNDLE_IDENTIFIER = com.pedro.rtspTests;
				PRODUCT_NAME = "$(TARGET_NAME)";
				SWIFT_EMIT_LOC_STRINGS = NO;
				SWIFT_VERSION = 5.0;
				TARGETED_DEVICE_FAMILY = "1,2";
			};
			name = Debug;
		};
		EBC6AC382AC3839200AAA380 /* Release */ = {
			isa = XCBuildConfiguration;
			buildSettings = {
				ALWAYS_EMBED_SWIFT_STANDARD_LIBRARIES = YES;
				CODE_SIGN_STYLE = Automatic;
				CURRENT_PROJECT_VERSION = 1;
				GENERATE_INFOPLIST_FILE = YES;
				MARKETING_VERSION = 1.0;
				PRODUCT_BUNDLE_IDENTIFIER = com.pedro.rtspTests;
				PRODUCT_NAME = "$(TARGET_NAME)";
				SWIFT_EMIT_LOC_STRINGS = NO;
				SWIFT_VERSION = 5.0;
				TARGETED_DEVICE_FAMILY = "1,2";
			};
			name = Release;
		};
/* End XCBuildConfiguration section */

/* Begin XCConfigurationList section */
		EBC6AC192AC3839200AAA380 /* Build configuration list for PBXProject "rtsp" */ = {
			isa = XCConfigurationList;
			buildConfigurations = (
				EBC6AC312AC3839200AAA380 /* Debug */,
				EBC6AC322AC3839200AAA380 /* Release */,
			);
			defaultConfigurationIsVisible = 0;
			defaultConfigurationName = Release;
		};
		EBC6AC332AC3839200AAA380 /* Build configuration list for PBXNativeTarget "rtsp" */ = {
			isa = XCConfigurationList;
			buildConfigurations = (
				EBC6AC342AC3839200AAA380 /* Debug */,
				EBC6AC352AC3839200AAA380 /* Release */,
			);
			defaultConfigurationIsVisible = 0;
			defaultConfigurationName = Release;
		};
		EBC6AC362AC3839200AAA380 /* Build configuration list for PBXNativeTarget "rtspTests" */ = {
			isa = XCConfigurationList;
			buildConfigurations = (
				EBC6AC372AC3839200AAA380 /* Debug */,
				EBC6AC382AC3839200AAA380 /* Release */,
			);
			defaultConfigurationIsVisible = 0;
			defaultConfigurationName = Release;
		};
/* End XCConfigurationList section */
	};
	rootObject = EBC6AC162AC3839200AAA380 /* Project object */;
}
