// !$*UTF8*$!
{
	archiveVersion = 1;
	classes = {
	};
	objectVersion = 56;
	objects = {

/* Begin PBXBuildFile section */
		EB59B8792BAB9A9300B2981F /* common.framework in Frameworks */ = {isa = PBXBuildFile; fileRef = EB59B8702BAB9A9300B2981F /* common.framework */; };
		EB59B87E2BAB9A9300B2981F /* commonTests.swift in Sources */ = {isa = PBXBuildFile; fileRef = EB59B87D2BAB9A9300B2981F /* commonTests.swift */; };
		EB59B87F2BAB9A9300B2981F /* common.h in Headers */ = {isa = PBXBuildFile; fileRef = EB59B8732BAB9A9300B2981F /* common.h */; settings = {ATTRIBUTES = (Public, ); }; };
		EB59B89A2BAB9AD700B2981F /* SynchronizedQueue.swift in Sources */ = {isa = PBXBuildFile; fileRef = EB59B8992BAB9AD700B2981F /* SynchronizedQueue.swift */; };
		EB59B89C2BAB9AFF00B2981F /* ConnectChecker.swift in Sources */ = {isa = PBXBuildFile; fileRef = EB59B89B2BAB9AFF00B2981F /* ConnectChecker.swift */; };
		EB59B89E2BAB9B3100B2981F /* Socket.swift in Sources */ = {isa = PBXBuildFile; fileRef = EB59B89D2BAB9B3100B2981F /* Socket.swift */; };
		EB59B8A02BAB9B5800B2981F /* IOException.swift in Sources */ = {isa = PBXBuildFile; fileRef = EB59B89F2BAB9B5800B2981F /* IOException.swift */; };
		EB59B8A22BAB9B6D00B2981F /* BitrateManager.swift in Sources */ = {isa = PBXBuildFile; fileRef = EB59B8A12BAB9B6D00B2981F /* BitrateManager.swift */; };
		EB59B8A42BAB9B8A00B2981F /* Extensions.swift in Sources */ = {isa = PBXBuildFile; fileRef = EB59B8A32BAB9B8A00B2981F /* Extensions.swift */; };
		EB59B8B52BACDEF700B2981F /* VideoCodec.swift in Sources */ = {isa = PBXBuildFile; fileRef = EB59B8B42BACDEF700B2981F /* VideoCodec.swift */; };
		EB59B8B72BACDF3300B2981F /* AudioCodec.swift in Sources */ = {isa = PBXBuildFile; fileRef = EB59B8B62BACDF3300B2981F /* AudioCodec.swift */; };
		EBE37E562BB0B3DD0069E949 /* ByteBuffer.swift in Sources */ = {isa = PBXBuildFile; fileRef = EBE37E552BB0B3DD0069E949 /* ByteBuffer.swift */; };
		EBE37E582BB226910069E949 /* BitBuffer.swift in Sources */ = {isa = PBXBuildFile; fileRef = EBE37E572BB226910069E949 /* BitBuffer.swift */; };
/* End PBXBuildFile section */

/* Begin PBXContainerItemProxy section */
		EB59B87A2BAB9A9300B2981F /* PBXContainerItemProxy */ = {
			isa = PBXContainerItemProxy;
			containerPortal = EB59B8672BAB9A9300B2981F /* Project object */;
			proxyType = 1;
			remoteGlobalIDString = EB59B86F2BAB9A9300B2981F;
			remoteInfo = common;
		};
/* End PBXContainerItemProxy section */

/* Begin PBXFileReference section */
		EB59B8702BAB9A9300B2981F /* common.framework */ = {isa = PBXFileReference; explicitFileType = wrapper.framework; includeInIndex = 0; path = common.framework; sourceTree = BUILT_PRODUCTS_DIR; };
		EB59B8732BAB9A9300B2981F /* common.h */ = {isa = PBXFileReference; lastKnownFileType = sourcecode.c.h; path = common.h; sourceTree = "<group>"; };
		EB59B8782BAB9A9300B2981F /* commonTests.xctest */ = {isa = PBXFileReference; explicitFileType = wrapper.cfbundle; includeInIndex = 0; path = commonTests.xctest; sourceTree = BUILT_PRODUCTS_DIR; };
		EB59B87D2BAB9A9300B2981F /* commonTests.swift */ = {isa = PBXFileReference; lastKnownFileType = sourcecode.swift; path = commonTests.swift; sourceTree = "<group>"; };
		EB59B8992BAB9AD700B2981F /* SynchronizedQueue.swift */ = {isa = PBXFileReference; lastKnownFileType = sourcecode.swift; path = SynchronizedQueue.swift; sourceTree = "<group>"; };
		EB59B89B2BAB9AFF00B2981F /* ConnectChecker.swift */ = {isa = PBXFileReference; lastKnownFileType = sourcecode.swift; path = ConnectChecker.swift; sourceTree = "<group>"; };
		EB59B89D2BAB9B3100B2981F /* Socket.swift */ = {isa = PBXFileReference; lastKnownFileType = sourcecode.swift; path = Socket.swift; sourceTree = "<group>"; };
		EB59B89F2BAB9B5800B2981F /* IOException.swift */ = {isa = PBXFileReference; lastKnownFileType = sourcecode.swift; path = IOException.swift; sourceTree = "<group>"; };
		EB59B8A12BAB9B6D00B2981F /* BitrateManager.swift */ = {isa = PBXFileReference; lastKnownFileType = sourcecode.swift; path = BitrateManager.swift; sourceTree = "<group>"; };
		EB59B8A32BAB9B8A00B2981F /* Extensions.swift */ = {isa = PBXFileReference; lastKnownFileType = sourcecode.swift; path = Extensions.swift; sourceTree = "<group>"; };
		EB59B8B42BACDEF700B2981F /* VideoCodec.swift */ = {isa = PBXFileReference; lastKnownFileType = sourcecode.swift; path = VideoCodec.swift; sourceTree = "<group>"; };
		EB59B8B62BACDF3300B2981F /* AudioCodec.swift */ = {isa = PBXFileReference; lastKnownFileType = sourcecode.swift; path = AudioCodec.swift; sourceTree = "<group>"; };
		EBE37E552BB0B3DD0069E949 /* ByteBuffer.swift */ = {isa = PBXFileReference; lastKnownFileType = sourcecode.swift; path = ByteBuffer.swift; sourceTree = "<group>"; };
		EBE37E572BB226910069E949 /* BitBuffer.swift */ = {isa = PBXFileReference; lastKnownFileType = sourcecode.swift; path = BitBuffer.swift; sourceTree = "<group>"; };
/* End PBXFileReference section */

/* Begin PBXFrameworksBuildPhase section */
		EB59B86D2BAB9A9300B2981F /* Frameworks */ = {
			isa = PBXFrameworksBuildPhase;
			buildActionMask = 2147483647;
			files = (
			);
			runOnlyForDeploymentPostprocessing = 0;
		};
		EB59B8752BAB9A9300B2981F /* Frameworks */ = {
			isa = PBXFrameworksBuildPhase;
			buildActionMask = 2147483647;
			files = (
				EB59B8792BAB9A9300B2981F /* common.framework in Frameworks */,
			);
			runOnlyForDeploymentPostprocessing = 0;
		};
/* End PBXFrameworksBuildPhase section */

/* Begin PBXGroup section */
		EB59B8662BAB9A9300B2981F = {
			isa = PBXGroup;
			children = (
				EB59B8722BAB9A9300B2981F /* common */,
				EB59B87C2BAB9A9300B2981F /* commonTests */,
				EB59B8712BAB9A9300B2981F /* Products */,
			);
			sourceTree = "<group>";
		};
		EB59B8712BAB9A9300B2981F /* Products */ = {
			isa = PBXGroup;
			children = (
				EB59B8702BAB9A9300B2981F /* common.framework */,
				EB59B8782BAB9A9300B2981F /* commonTests.xctest */,
			);
			name = Products;
			sourceTree = "<group>";
		};
		EB59B8722BAB9A9300B2981F /* common */ = {
			isa = PBXGroup;
			children = (
				EB59B8732BAB9A9300B2981F /* common.h */,
				EB59B8992BAB9AD700B2981F /* SynchronizedQueue.swift */,
				EB59B89B2BAB9AFF00B2981F /* ConnectChecker.swift */,
				EB59B89D2BAB9B3100B2981F /* Socket.swift */,
				EB59B89F2BAB9B5800B2981F /* IOException.swift */,
				EB59B8A12BAB9B6D00B2981F /* BitrateManager.swift */,
				EB59B8A32BAB9B8A00B2981F /* Extensions.swift */,
				EB59B8B42BACDEF700B2981F /* VideoCodec.swift */,
				EB59B8B62BACDF3300B2981F /* AudioCodec.swift */,
				EBE37E552BB0B3DD0069E949 /* ByteBuffer.swift */,
				EBE37E572BB226910069E949 /* BitBuffer.swift */,
			);
			path = common;
			sourceTree = "<group>";
		};
		EB59B87C2BAB9A9300B2981F /* commonTests */ = {
			isa = PBXGroup;
			children = (
				EB59B87D2BAB9A9300B2981F /* commonTests.swift */,
			);
			path = commonTests;
			sourceTree = "<group>";
		};
/* End PBXGroup section */

/* Begin PBXHeadersBuildPhase section */
		EB59B86B2BAB9A9300B2981F /* Headers */ = {
			isa = PBXHeadersBuildPhase;
			buildActionMask = 2147483647;
			files = (
				EB59B87F2BAB9A9300B2981F /* common.h in Headers */,
			);
			runOnlyForDeploymentPostprocessing = 0;
		};
/* End PBXHeadersBuildPhase section */

/* Begin PBXNativeTarget section */
		EB59B86F2BAB9A9300B2981F /* common */ = {
			isa = PBXNativeTarget;
			buildConfigurationList = EB59B8822BAB9A9300B2981F /* Build configuration list for PBXNativeTarget "common" */;
			buildPhases = (
				EB59B86B2BAB9A9300B2981F /* Headers */,
				EB59B86C2BAB9A9300B2981F /* Sources */,
				EB59B86D2BAB9A9300B2981F /* Frameworks */,
				EB59B86E2BAB9A9300B2981F /* Resources */,
			);
			buildRules = (
			);
			dependencies = (
			);
			name = common;
			productName = common;
			productReference = EB59B8702BAB9A9300B2981F /* common.framework */;
			productType = "com.apple.product-type.framework";
		};
		EB59B8772BAB9A9300B2981F /* commonTests */ = {
			isa = PBXNativeTarget;
			buildConfigurationList = EB59B8852BAB9A9300B2981F /* Build configuration list for PBXNativeTarget "commonTests" */;
			buildPhases = (
				EB59B8742BAB9A9300B2981F /* Sources */,
				EB59B8752BAB9A9300B2981F /* Frameworks */,
				EB59B8762BAB9A9300B2981F /* Resources */,
			);
			buildRules = (
			);
			dependencies = (
				EB59B87B2BAB9A9300B2981F /* PBXTargetDependency */,
			);
			name = commonTests;
			productName = commonTests;
			productReference = EB59B8782BAB9A9300B2981F /* commonTests.xctest */;
			productType = "com.apple.product-type.bundle.unit-test";
		};
/* End PBXNativeTarget section */

/* Begin PBXProject section */
		EB59B8672BAB9A9300B2981F /* Project object */ = {
			isa = PBXProject;
			attributes = {
				BuildIndependentTargetsInParallel = 1;
				LastSwiftUpdateCheck = 1530;
				LastUpgradeCheck = 1530;
				TargetAttributes = {
					EB59B86F2BAB9A9300B2981F = {
						CreatedOnToolsVersion = 15.3;
						LastSwiftMigration = 1530;
					};
					EB59B8772BAB9A9300B2981F = {
						CreatedOnToolsVersion = 15.3;
					};
				};
			};
			buildConfigurationList = EB59B86A2BAB9A9300B2981F /* Build configuration list for PBXProject "common" */;
			compatibilityVersion = "Xcode 14.0";
			developmentRegion = en;
			hasScannedForEncodings = 0;
			knownRegions = (
				en,
				Base,
			);
			mainGroup = EB59B8662BAB9A9300B2981F;
			productRefGroup = EB59B8712BAB9A9300B2981F /* Products */;
			projectDirPath = "";
			projectRoot = "";
			targets = (
				EB59B86F2BAB9A9300B2981F /* common */,
				EB59B8772BAB9A9300B2981F /* commonTests */,
			);
		};
/* End PBXProject section */

/* Begin PBXResourcesBuildPhase section */
		EB59B86E2BAB9A9300B2981F /* Resources */ = {
			isa = PBXResourcesBuildPhase;
			buildActionMask = 2147483647;
			files = (
			);
			runOnlyForDeploymentPostprocessing = 0;
		};
		EB59B8762BAB9A9300B2981F /* Resources */ = {
			isa = PBXResourcesBuildPhase;
			buildActionMask = 2147483647;
			files = (
			);
			runOnlyForDeploymentPostprocessing = 0;
		};
/* End PBXResourcesBuildPhase section */

/* Begin PBXSourcesBuildPhase section */
		EB59B86C2BAB9A9300B2981F /* Sources */ = {
			isa = PBXSourcesBuildPhase;
			buildActionMask = 2147483647;
			files = (
				EB59B89C2BAB9AFF00B2981F /* ConnectChecker.swift in Sources */,
				EBE37E562BB0B3DD0069E949 /* ByteBuffer.swift in Sources */,
				EB59B8A42BAB9B8A00B2981F /* Extensions.swift in Sources */,
				EBE37E582BB226910069E949 /* BitBuffer.swift in Sources */,
				EB59B89A2BAB9AD700B2981F /* SynchronizedQueue.swift in Sources */,
				EB59B8B72BACDF3300B2981F /* AudioCodec.swift in Sources */,
				EB59B89E2BAB9B3100B2981F /* Socket.swift in Sources */,
				EB59B8A02BAB9B5800B2981F /* IOException.swift in Sources */,
				EB59B8A22BAB9B6D00B2981F /* BitrateManager.swift in Sources */,
				EB59B8B52BACDEF700B2981F /* VideoCodec.swift in Sources */,
			);
			runOnlyForDeploymentPostprocessing = 0;
		};
		EB59B8742BAB9A9300B2981F /* Sources */ = {
			isa = PBXSourcesBuildPhase;
			buildActionMask = 2147483647;
			files = (
				EB59B87E2BAB9A9300B2981F /* commonTests.swift in Sources */,
			);
			runOnlyForDeploymentPostprocessing = 0;
		};
/* End PBXSourcesBuildPhase section */

/* Begin PBXTargetDependency section */
		EB59B87B2BAB9A9300B2981F /* PBXTargetDependency */ = {
			isa = PBXTargetDependency;
			target = EB59B86F2BAB9A9300B2981F /* common */;
			targetProxy = EB59B87A2BAB9A9300B2981F /* PBXContainerItemProxy */;
		};
/* End PBXTargetDependency section */

/* Begin XCBuildConfiguration section */
		EB59B8802BAB9A9300B2981F /* Debug */ = {
			isa = XCBuildConfiguration;
			buildSettings = {
				ALWAYS_SEARCH_USER_PATHS = NO;
				ASSETCATALOG_COMPILER_GENERATE_SWIFT_ASSET_SYMBOL_EXTENSIONS = YES;
				CLANG_ANALYZER_NONNULL = YES;
				CLANG_ANALYZER_NUMBER_OBJECT_CONVERSION = YES_AGGRESSIVE;
				CLANG_CXX_LANGUAGE_STANDARD = "gnu++20";
				CLANG_ENABLE_MODULES = YES;
				CLANG_ENABLE_OBJC_ARC = YES;
				CLANG_ENABLE_OBJC_WEAK = YES;
				CLANG_WARN_BLOCK_CAPTURE_AUTORELEASING = YES;
				CLANG_WARN_BOOL_CONVERSION = YES;
				CLANG_WARN_COMMA = YES;
				CLANG_WARN_CONSTANT_CONVERSION = YES;
				CLANG_WARN_DEPRECATED_OBJC_IMPLEMENTATIONS = YES;
				CLANG_WARN_DIRECT_OBJC_ISA_USAGE = YES_ERROR;
				CLANG_WARN_DOCUMENTATION_COMMENTS = YES;
				CLANG_WARN_EMPTY_BODY = YES;
				CLANG_WARN_ENUM_CONVERSION = YES;
				CLANG_WARN_INFINITE_RECURSION = YES;
				CLANG_WARN_INT_CONVERSION = YES;
				CLANG_WARN_NON_LITERAL_NULL_CONVERSION = YES;
				CLANG_WARN_OBJC_IMPLICIT_RETAIN_SELF = YES;
				CLANG_WARN_OBJC_LITERAL_CONVERSION = YES;
				CLANG_WARN_OBJC_ROOT_CLASS = YES_ERROR;
				CLANG_WARN_QUOTED_INCLUDE_IN_FRAMEWORK_HEADER = YES;
				CLANG_WARN_RANGE_LOOP_ANALYSIS = YES;
				CLANG_WARN_STRICT_PROTOTYPES = YES;
				CLANG_WARN_SUSPICIOUS_MOVE = YES;
				CLANG_WARN_UNGUARDED_AVAILABILITY = YES_AGGRESSIVE;
				CLANG_WARN_UNREACHABLE_CODE = YES;
				CLANG_WARN__DUPLICATE_METHOD_MATCH = YES;
				COPY_PHASE_STRIP = NO;
				CURRENT_PROJECT_VERSION = 1;
				DEBUG_INFORMATION_FORMAT = dwarf;
				ENABLE_STRICT_OBJC_MSGSEND = YES;
				ENABLE_TESTABILITY = YES;
				ENABLE_USER_SCRIPT_SANDBOXING = YES;
				GCC_C_LANGUAGE_STANDARD = gnu17;
				GCC_DYNAMIC_NO_PIC = NO;
				GCC_NO_COMMON_BLOCKS = YES;
				GCC_OPTIMIZATION_LEVEL = 0;
				GCC_PREPROCESSOR_DEFINITIONS = (
					"DEBUG=1",
					"$(inherited)",
				);
				GCC_WARN_64_TO_32_BIT_CONVERSION = YES;
				GCC_WARN_ABOUT_RETURN_TYPE = YES_ERROR;
				GCC_WARN_UNDECLARED_SELECTOR = YES;
				GCC_WARN_UNINITIALIZED_AUTOS = YES_AGGRESSIVE;
				GCC_WARN_UNUSED_FUNCTION = YES;
				GCC_WARN_UNUSED_VARIABLE = YES;
				IPHONEOS_DEPLOYMENT_TARGET = 17.4;
				LOCALIZATION_PREFERS_STRING_CATALOGS = YES;
				MTL_ENABLE_DEBUG_INFO = INCLUDE_SOURCE;
				MTL_FAST_MATH = YES;
				ONLY_ACTIVE_ARCH = YES;
				SDKROOT = iphoneos;
				SWIFT_ACTIVE_COMPILATION_CONDITIONS = "DEBUG $(inherited)";
				SWIFT_OPTIMIZATION_LEVEL = "-Onone";
				VERSIONING_SYSTEM = "apple-generic";
				VERSION_INFO_PREFIX = "";
			};
			name = Debug;
		};
		EB59B8812BAB9A9300B2981F /* Release */ = {
			isa = XCBuildConfiguration;
			buildSettings = {
				ALWAYS_SEARCH_USER_PATHS = NO;
				ASSETCATALOG_COMPILER_GENERATE_SWIFT_ASSET_SYMBOL_EXTENSIONS = YES;
				CLANG_ANALYZER_NONNULL = YES;
				CLANG_ANALYZER_NUMBER_OBJECT_CONVERSION = YES_AGGRESSIVE;
				CLANG_CXX_LANGUAGE_STANDARD = "gnu++20";
				CLANG_ENABLE_MODULES = YES;
				CLANG_ENABLE_OBJC_ARC = YES;
				CLANG_ENABLE_OBJC_WEAK = YES;
				CLANG_WARN_BLOCK_CAPTURE_AUTORELEASING = YES;
				CLANG_WARN_BOOL_CONVERSION = YES;
				CLANG_WARN_COMMA = YES;
				CLANG_WARN_CONSTANT_CONVERSION = YES;
				CLANG_WARN_DEPRECATED_OBJC_IMPLEMENTATIONS = YES;
				CLANG_WARN_DIRECT_OBJC_ISA_USAGE = YES_ERROR;
				CLANG_WARN_DOCUMENTATION_COMMENTS = YES;
				CLANG_WARN_EMPTY_BODY = YES;
				CLANG_WARN_ENUM_CONVERSION = YES;
				CLANG_WARN_INFINITE_RECURSION = YES;
				CLANG_WARN_INT_CONVERSION = YES;
				CLANG_WARN_NON_LITERAL_NULL_CONVERSION = YES;
				CLANG_WARN_OBJC_IMPLICIT_RETAIN_SELF = YES;
				CLANG_WARN_OBJC_LITERAL_CONVERSION = YES;
				CLANG_WARN_OBJC_ROOT_CLASS = YES_ERROR;
				CLANG_WARN_QUOTED_INCLUDE_IN_FRAMEWORK_HEADER = YES;
				CLANG_WARN_RANGE_LOOP_ANALYSIS = YES;
				CLANG_WARN_STRICT_PROTOTYPES = YES;
				CLANG_WARN_SUSPICIOUS_MOVE = YES;
				CLANG_WARN_UNGUARDED_AVAILABILITY = YES_AGGRESSIVE;
				CLANG_WARN_UNREACHABLE_CODE = YES;
				CLANG_WARN__DUPLICATE_METHOD_MATCH = YES;
				COPY_PHASE_STRIP = NO;
				CURRENT_PROJECT_VERSION = 1;
				DEBUG_INFORMATION_FORMAT = "dwarf-with-dsym";
				ENABLE_NS_ASSERTIONS = NO;
				ENABLE_STRICT_OBJC_MSGSEND = YES;
				ENABLE_USER_SCRIPT_SANDBOXING = YES;
				GCC_C_LANGUAGE_STANDARD = gnu17;
				GCC_NO_COMMON_BLOCKS = YES;
				GCC_WARN_64_TO_32_BIT_CONVERSION = YES;
				GCC_WARN_ABOUT_RETURN_TYPE = YES_ERROR;
				GCC_WARN_UNDECLARED_SELECTOR = YES;
				GCC_WARN_UNINITIALIZED_AUTOS = YES_AGGRESSIVE;
				GCC_WARN_UNUSED_FUNCTION = YES;
				GCC_WARN_UNUSED_VARIABLE = YES;
				IPHONEOS_DEPLOYMENT_TARGET = 17.4;
				LOCALIZATION_PREFERS_STRING_CATALOGS = YES;
				MTL_ENABLE_DEBUG_INFO = NO;
				MTL_FAST_MATH = YES;
				SDKROOT = iphoneos;
				SWIFT_COMPILATION_MODE = wholemodule;
				VALIDATE_PRODUCT = YES;
				VERSIONING_SYSTEM = "apple-generic";
				VERSION_INFO_PREFIX = "";
			};
			name = Release;
		};
		EB59B8832BAB9A9300B2981F /* Debug */ = {
			isa = XCBuildConfiguration;
			buildSettings = {
				BUILD_LIBRARY_FOR_DISTRIBUTION = YES;
				CLANG_ENABLE_MODULES = YES;
				CODE_SIGN_STYLE = Automatic;
				CURRENT_PROJECT_VERSION = 1;
				DEFINES_MODULE = YES;
				DEVELOPMENT_TEAM = 9KW78KWHHD;
				DYLIB_COMPATIBILITY_VERSION = 1;
				DYLIB_CURRENT_VERSION = 1;
				DYLIB_INSTALL_NAME_BASE = "@rpath";
				ENABLE_MODULE_VERIFIER = YES;
				GENERATE_INFOPLIST_FILE = YES;
				INFOPLIST_KEY_NSHumanReadableCopyright = "";
				INSTALL_PATH = "$(LOCAL_LIBRARY_DIR)/Frameworks";
				LD_RUNPATH_SEARCH_PATHS = (
					"$(inherited)",
					"@executable_path/Frameworks",
					"@loader_path/Frameworks",
				);
				MARKETING_VERSION = 1.0;
				MODULE_VERIFIER_SUPPORTED_LANGUAGES = "objective-c objective-c++";
				MODULE_VERIFIER_SUPPORTED_LANGUAGE_STANDARDS = "gnu17 gnu++20";
				PRODUCT_BUNDLE_IDENTIFIER = com.pedro.common;
				PRODUCT_NAME = "$(TARGET_NAME:c99extidentifier)";
				SKIP_INSTALL = YES;
				SWIFT_EMIT_LOC_STRINGS = YES;
				SWIFT_INSTALL_OBJC_HEADER = NO;
				SWIFT_OPTIMIZATION_LEVEL = "-Onone";
				SWIFT_VERSION = 5.0;
				TARGETED_DEVICE_FAMILY = "1,2";
			};
			name = Debug;
		};
		EB59B8842BAB9A9300B2981F /* Release */ = {
			isa = XCBuildConfiguration;
			buildSettings = {
				BUILD_LIBRARY_FOR_DISTRIBUTION = YES;
				CLANG_ENABLE_MODULES = YES;
				CODE_SIGN_STYLE = Automatic;
				CURRENT_PROJECT_VERSION = 1;
				DEFINES_MODULE = YES;
				DEVELOPMENT_TEAM = 9KW78KWHHD;
				DYLIB_COMPATIBILITY_VERSION = 1;
				DYLIB_CURRENT_VERSION = 1;
				DYLIB_INSTALL_NAME_BASE = "@rpath";
				ENABLE_MODULE_VERIFIER = YES;
				GENERATE_INFOPLIST_FILE = YES;
				INFOPLIST_KEY_NSHumanReadableCopyright = "";
				INSTALL_PATH = "$(LOCAL_LIBRARY_DIR)/Frameworks";
				LD_RUNPATH_SEARCH_PATHS = (
					"$(inherited)",
					"@executable_path/Frameworks",
					"@loader_path/Frameworks",
				);
				MARKETING_VERSION = 1.0;
				MODULE_VERIFIER_SUPPORTED_LANGUAGES = "objective-c objective-c++";
				MODULE_VERIFIER_SUPPORTED_LANGUAGE_STANDARDS = "gnu17 gnu++20";
				PRODUCT_BUNDLE_IDENTIFIER = com.pedro.common;
				PRODUCT_NAME = "$(TARGET_NAME:c99extidentifier)";
				SKIP_INSTALL = YES;
				SWIFT_EMIT_LOC_STRINGS = YES;
				SWIFT_INSTALL_OBJC_HEADER = NO;
				SWIFT_VERSION = 5.0;
				TARGETED_DEVICE_FAMILY = "1,2";
			};
			name = Release;
		};
		EB59B8862BAB9A9300B2981F /* Debug */ = {
			isa = XCBuildConfiguration;
			buildSettings = {
				ALWAYS_EMBED_SWIFT_STANDARD_LIBRARIES = YES;
				CODE_SIGN_STYLE = Automatic;
				CURRENT_PROJECT_VERSION = 1;
				DEVELOPMENT_TEAM = 9KW78KWHHD;
				GENERATE_INFOPLIST_FILE = YES;
				MARKETING_VERSION = 1.0;
				PRODUCT_BUNDLE_IDENTIFIER = com.pedro.commonTests;
				PRODUCT_NAME = "$(TARGET_NAME)";
				SWIFT_EMIT_LOC_STRINGS = NO;
				SWIFT_VERSION = 5.0;
				TARGETED_DEVICE_FAMILY = "1,2";
			};
			name = Debug;
		};
		EB59B8872BAB9A9300B2981F /* Release */ = {
			isa = XCBuildConfiguration;
			buildSettings = {
				ALWAYS_EMBED_SWIFT_STANDARD_LIBRARIES = YES;
				CODE_SIGN_STYLE = Automatic;
				CURRENT_PROJECT_VERSION = 1;
				DEVELOPMENT_TEAM = 9KW78KWHHD;
				GENERATE_INFOPLIST_FILE = YES;
				MARKETING_VERSION = 1.0;
				PRODUCT_BUNDLE_IDENTIFIER = com.pedro.commonTests;
				PRODUCT_NAME = "$(TARGET_NAME)";
				SWIFT_EMIT_LOC_STRINGS = NO;
				SWIFT_VERSION = 5.0;
				TARGETED_DEVICE_FAMILY = "1,2";
			};
			name = Release;
		};
/* End XCBuildConfiguration section */

/* Begin XCConfigurationList section */
		EB59B86A2BAB9A9300B2981F /* Build configuration list for PBXProject "common" */ = {
			isa = XCConfigurationList;
			buildConfigurations = (
				EB59B8802BAB9A9300B2981F /* Debug */,
				EB59B8812BAB9A9300B2981F /* Release */,
			);
			defaultConfigurationIsVisible = 0;
			defaultConfigurationName = Release;
		};
		EB59B8822BAB9A9300B2981F /* Build configuration list for PBXNativeTarget "common" */ = {
			isa = XCConfigurationList;
			buildConfigurations = (
				EB59B8832BAB9A9300B2981F /* Debug */,
				EB59B8842BAB9A9300B2981F /* Release */,
			);
			defaultConfigurationIsVisible = 0;
			defaultConfigurationName = Release;
		};
		EB59B8852BAB9A9300B2981F /* Build configuration list for PBXNativeTarget "commonTests" */ = {
			isa = XCConfigurationList;
			buildConfigurations = (
				EB59B8862BAB9A9300B2981F /* Debug */,
				EB59B8872BAB9A9300B2981F /* Release */,
			);
			defaultConfigurationIsVisible = 0;
			defaultConfigurationName = Release;
		};
/* End XCConfigurationList section */
	};
	rootObject = EB59B8672BAB9A9300B2981F /* Project object */;
}
